<?xml version="1.0" encoding="UTF-8"?>
<!DOCTYPE plist PUBLIC "-//Apple//DTD PLIST 1.0//EN" "http://www.apple.com/DTDs/PropertyList-1.0.dtd">
<plist version="1.0">
<dict>
	<key>archiveVersion</key>
	<string>1</string>
	<key>classes</key>
	<dict/>
	<key>objectVersion</key>
	<string>46</string>
	<key>objects</key>
	<dict>
		<key>1335E1397F3B82D46D8D86E1</key>
		<dict>
			<key>buildActionMask</key>
			<string>2147483647</string>
			<key>files</key>
			<array/>
			<key>inputPaths</key>
			<array/>
			<key>isa</key>
			<string>PBXShellScriptBuildPhase</string>
			<key>name</key>
			<string>Copy Pods Resources</string>
			<key>outputPaths</key>
			<array/>
			<key>runOnlyForDeploymentPostprocessing</key>
			<string>0</string>
			<key>shellPath</key>
			<string>/bin/sh</string>
			<key>shellScript</key>
			<string>"${SRCROOT}/Pods/Target Support Files/Pods-CodeSprint/Pods-CodeSprint-resources.sh"
</string>
			<key>showEnvVarsInLog</key>
			<string>0</string>
		</dict>
		<key>3211F551BD5D394DF9192056</key>
		<dict>
			<key>includeInIndex</key>
			<string>1</string>
			<key>isa</key>
			<string>PBXFileReference</string>
			<key>lastKnownFileType</key>
			<string>text.xcconfig</string>
			<key>name</key>
			<string>Pods-CodeSprint.debug.xcconfig</string>
			<key>path</key>
			<string>Pods/Target Support Files/Pods-CodeSprint/Pods-CodeSprint.debug.xcconfig</string>
			<key>sourceTree</key>
			<string>&lt;group&gt;</string>
		</dict>
		<key>751868341D72F0EA00736D94</key>
		<dict>
			<key>fileEncoding</key>
			<string>4</string>
			<key>isa</key>
			<string>PBXFileReference</string>
			<key>lastKnownFileType</key>
			<string>sourcecode.c.h</string>
			<key>path</key>
			<string>GroupMessageTableViewCell.h</string>
			<key>sourceTree</key>
			<string>&lt;group&gt;</string>
		</dict>
		<key>751868351D72F0EA00736D94</key>
		<dict>
			<key>fileEncoding</key>
			<string>4</string>
			<key>isa</key>
			<string>PBXFileReference</string>
			<key>lastKnownFileType</key>
			<string>sourcecode.c.objc</string>
			<key>path</key>
			<string>GroupMessageTableViewCell.m</string>
			<key>sourceTree</key>
			<string>&lt;group&gt;</string>
		</dict>
		<key>751868361D72F0EA00736D94</key>
		<dict>
			<key>fileRef</key>
			<string>751868351D72F0EA00736D94</string>
			<key>isa</key>
			<string>PBXBuildFile</string>
		</dict>
		<key>751A755B1D183E4E00923F61</key>
		<dict>
			<key>children</key>
			<array>
				<string>751A755C1D183E9300923F61</string>
				<string>751A755D1D183E9300923F61</string>
				<string>758F557B1D78EFD800F3AAAA</string>
				<string>758F557C1D78EFD800F3AAAA</string>
			</array>
			<key>isa</key>
			<string>PBXGroup</string>
			<key>name</key>
			<string>DataService</string>
			<key>sourceTree</key>
			<string>&lt;group&gt;</string>
		</dict>
		<key>751A755C1D183E9300923F61</key>
		<dict>
			<key>fileEncoding</key>
			<string>4</string>
			<key>isa</key>
			<string>PBXFileReference</string>
			<key>lastKnownFileType</key>
			<string>sourcecode.c.h</string>
			<key>path</key>
			<string>FirebaseManager.h</string>
			<key>sourceTree</key>
			<string>&lt;group&gt;</string>
		</dict>
		<key>751A755D1D183E9300923F61</key>
		<dict>
			<key>fileEncoding</key>
			<string>4</string>
			<key>isa</key>
			<string>PBXFileReference</string>
			<key>lastKnownFileType</key>
			<string>sourcecode.c.objc</string>
			<key>path</key>
			<string>FirebaseManager.m</string>
			<key>sourceTree</key>
			<string>&lt;group&gt;</string>
		</dict>
		<key>751A755E1D183E9300923F61</key>
		<dict>
			<key>fileRef</key>
			<string>751A755D1D183E9300923F61</string>
			<key>isa</key>
			<string>PBXBuildFile</string>
		</dict>
		<key>751A755F1D18A7DD00923F61</key>
		<dict>
			<key>children</key>
			<array>
				<string>7556378C1D4F60EC00A136FF</string>
				<string>7556378D1D4F60EC00A136FF</string>
				<string>755B76291D2415CE00B211CF</string>
				<string>755B762A1D2415CE00B211CF</string>
				<string>759CA8341D3E2FE200A26EB9</string>
				<string>759CA8351D3E2FE200A26EB9</string>
				<string>75E3AA5A1D6843C1009A7866</string>
				<string>75E3AA5B1D6843C1009A7866</string>
				<string>75E3AA5D1D68483B009A7866</string>
				<string>75E3AA5E1D68483B009A7866</string>
				<string>75E3AA601D6C5EAB009A7866</string>
				<string>75E3AA611D6C5EAB009A7866</string>
			</array>
			<key>isa</key>
			<string>PBXGroup</string>
			<key>name</key>
			<string>Model</string>
			<key>sourceTree</key>
			<string>&lt;group&gt;</string>
		</dict>
		<key>751A75601D18A80600923F61</key>
		<dict>
			<key>children</key>
			<array>
				<string>754FF88F1D1D04F2004ABD43</string>
				<string>754FF8901D1D04F2004ABD43</string>
				<string>759918961D1D981F00E38268</string>
				<string>759918971D1D981F00E38268</string>
				<string>755B76231D23E0E600B211CF</string>
				<string>755B76241D23E0E600B211CF</string>
				<string>752C07651D30F52B00E8712D</string>
				<string>752C07661D30F52B00E8712D</string>
				<string>7588AF001D37063A00F6E1E9</string>
				<string>7588AF011D37063A00F6E1E9</string>
				<string>7588AF031D37066B00F6E1E9</string>
				<string>7588AF041D37066B00F6E1E9</string>
				<string>759286841D46D3CB00D3B9B8</string>
				<string>759286851D46D3CB00D3B9B8</string>
				<string>75B375A91D4AEBD7008F73F6</string>
				<string>75B375AA1D4AEBD7008F73F6</string>
				<string>75BEA1AE1D4B373700F4F4D9</string>
				<string>75BEA1AF1D4B373700F4F4D9</string>
				<string>755637981D509E1C00A136FF</string>
				<string>755637991D509E1C00A136FF</string>
				<string>75E94BE71D51844600F859FD</string>
				<string>75E94BE81D51844600F859FD</string>
				<string>75AE51C01D5D2406001B4939</string>
				<string>75AE51C11D5D2406001B4939</string>
				<string>751868341D72F0EA00736D94</string>
				<string>751868351D72F0EA00736D94</string>
			</array>
			<key>isa</key>
			<string>PBXGroup</string>
			<key>name</key>
			<string>View</string>
			<key>sourceTree</key>
			<string>&lt;group&gt;</string>
		</dict>
		<key>752C07621D30797C00E8712D</key>
		<dict>
			<key>fileEncoding</key>
			<string>4</string>
			<key>isa</key>
			<string>PBXFileReference</string>
			<key>lastKnownFileType</key>
			<string>sourcecode.c.h</string>
			<key>path</key>
			<string>SprintMenuViewController.h</string>
			<key>sourceTree</key>
			<string>&lt;group&gt;</string>
		</dict>
		<key>752C07631D30797C00E8712D</key>
		<dict>
			<key>fileEncoding</key>
			<string>4</string>
			<key>isa</key>
			<string>PBXFileReference</string>
			<key>lastKnownFileType</key>
			<string>sourcecode.c.objc</string>
			<key>path</key>
			<string>SprintMenuViewController.m</string>
			<key>sourceTree</key>
			<string>&lt;group&gt;</string>
		</dict>
		<key>752C07641D30797C00E8712D</key>
		<dict>
			<key>fileRef</key>
			<string>752C07631D30797C00E8712D</string>
			<key>isa</key>
			<string>PBXBuildFile</string>
		</dict>
		<key>752C07651D30F52B00E8712D</key>
		<dict>
			<key>fileEncoding</key>
			<string>4</string>
			<key>isa</key>
			<string>PBXFileReference</string>
			<key>lastKnownFileType</key>
			<string>sourcecode.c.h</string>
			<key>path</key>
			<string>CircleBorderedButton.h</string>
			<key>sourceTree</key>
			<string>&lt;group&gt;</string>
		</dict>
		<key>752C07661D30F52B00E8712D</key>
		<dict>
			<key>fileEncoding</key>
			<string>4</string>
			<key>isa</key>
			<string>PBXFileReference</string>
			<key>lastKnownFileType</key>
			<string>sourcecode.c.objc</string>
			<key>path</key>
			<string>CircleBorderedButton.m</string>
			<key>sourceTree</key>
			<string>&lt;group&gt;</string>
		</dict>
		<key>752C07671D30F52B00E8712D</key>
		<dict>
			<key>fileRef</key>
			<string>752C07661D30F52B00E8712D</string>
			<key>isa</key>
			<string>PBXBuildFile</string>
		</dict>
		<key>752C07681D35B60100E8712D</key>
		<dict>
			<key>fileEncoding</key>
			<string>4</string>
			<key>isa</key>
			<string>PBXFileReference</string>
			<key>lastKnownFileType</key>
			<string>sourcecode.c.h</string>
			<key>path</key>
			<string>CreateTeamViewController.h</string>
			<key>sourceTree</key>
			<string>&lt;group&gt;</string>
		</dict>
		<key>752C07691D35B60100E8712D</key>
		<dict>
			<key>fileEncoding</key>
			<string>4</string>
			<key>isa</key>
			<string>PBXFileReference</string>
			<key>lastKnownFileType</key>
			<string>sourcecode.c.objc</string>
			<key>path</key>
			<string>CreateTeamViewController.m</string>
			<key>sourceTree</key>
			<string>&lt;group&gt;</string>
		</dict>
		<key>752C076A1D35B60100E8712D</key>
		<dict>
			<key>fileRef</key>
			<string>752C07691D35B60100E8712D</string>
			<key>isa</key>
			<string>PBXBuildFile</string>
		</dict>
		<key>754FF8861D1BA143004ABD43</key>
		<dict>
			<key>fileEncoding</key>
			<string>4</string>
			<key>isa</key>
			<string>PBXFileReference</string>
			<key>lastKnownFileType</key>
			<string>sourcecode.c.h</string>
			<key>path</key>
			<string>HomeViewController.h</string>
			<key>sourceTree</key>
			<string>&lt;group&gt;</string>
		</dict>
		<key>754FF8871D1BA143004ABD43</key>
		<dict>
			<key>fileEncoding</key>
			<string>4</string>
			<key>isa</key>
			<string>PBXFileReference</string>
			<key>lastKnownFileType</key>
			<string>sourcecode.c.objc</string>
			<key>path</key>
			<string>HomeViewController.m</string>
			<key>sourceTree</key>
			<string>&lt;group&gt;</string>
		</dict>
		<key>754FF8881D1BA143004ABD43</key>
		<dict>
			<key>fileRef</key>
			<string>754FF8871D1BA143004ABD43</string>
			<key>isa</key>
			<string>PBXBuildFile</string>
		</dict>
		<key>754FF8891D1BA183004ABD43</key>
		<dict>
			<key>fileEncoding</key>
			<string>4</string>
			<key>isa</key>
			<string>PBXFileReference</string>
			<key>lastKnownFileType</key>
			<string>sourcecode.c.h</string>
			<key>path</key>
			<string>IntroductionViewController.h</string>
			<key>sourceTree</key>
			<string>&lt;group&gt;</string>
		</dict>
		<key>754FF88A1D1BA183004ABD43</key>
		<dict>
			<key>fileEncoding</key>
			<string>4</string>
			<key>isa</key>
			<string>PBXFileReference</string>
			<key>lastKnownFileType</key>
			<string>sourcecode.c.objc</string>
			<key>path</key>
			<string>IntroductionViewController.m</string>
			<key>sourceTree</key>
			<string>&lt;group&gt;</string>
		</dict>
		<key>754FF88B1D1BA183004ABD43</key>
		<dict>
			<key>fileRef</key>
			<string>754FF88A1D1BA183004ABD43</string>
			<key>isa</key>
			<string>PBXBuildFile</string>
		</dict>
		<key>754FF88F1D1D04F2004ABD43</key>
		<dict>
			<key>fileEncoding</key>
			<string>4</string>
			<key>isa</key>
			<string>PBXFileReference</string>
			<key>lastKnownFileType</key>
			<string>sourcecode.c.h</string>
			<key>path</key>
			<string>CircleImageView.h</string>
			<key>sourceTree</key>
			<string>&lt;group&gt;</string>
		</dict>
		<key>754FF8901D1D04F2004ABD43</key>
		<dict>
			<key>fileEncoding</key>
			<string>4</string>
			<key>isa</key>
			<string>PBXFileReference</string>
			<key>lastKnownFileType</key>
			<string>sourcecode.c.objc</string>
			<key>path</key>
			<string>CircleImageView.m</string>
			<key>sourceTree</key>
			<string>&lt;group&gt;</string>
		</dict>
		<key>754FF8911D1D04F2004ABD43</key>
		<dict>
			<key>fileRef</key>
			<string>754FF8901D1D04F2004ABD43</string>
			<key>isa</key>
			<string>PBXBuildFile</string>
		</dict>
		<key>754FF8951D1D2CD2004ABD43</key>
		<dict>
			<key>fileEncoding</key>
			<string>4</string>
			<key>isa</key>
			<string>PBXFileReference</string>
			<key>lastKnownFileType</key>
			<string>sourcecode.c.h</string>
			<key>path</key>
			<string>Constants.h</string>
			<key>sourceTree</key>
			<string>&lt;group&gt;</string>
		</dict>
		<key>754FF8961D1D2CD2004ABD43</key>
		<dict>
			<key>fileEncoding</key>
			<string>4</string>
			<key>isa</key>
			<string>PBXFileReference</string>
			<key>lastKnownFileType</key>
			<string>sourcecode.c.objc</string>
			<key>path</key>
			<string>Constants.m</string>
			<key>sourceTree</key>
			<string>&lt;group&gt;</string>
		</dict>
		<key>754FF8971D1D2CD2004ABD43</key>
		<dict>
			<key>fileRef</key>
			<string>754FF8961D1D2CD2004ABD43</string>
			<key>isa</key>
			<string>PBXBuildFile</string>
		</dict>
		<key>7556378C1D4F60EC00A136FF</key>
		<dict>
			<key>fileEncoding</key>
			<string>4</string>
			<key>isa</key>
			<string>PBXFileReference</string>
			<key>lastKnownFileType</key>
			<string>sourcecode.c.h</string>
			<key>path</key>
			<string>Artifacts.h</string>
			<key>sourceTree</key>
			<string>&lt;group&gt;</string>
		</dict>
		<key>7556378D1D4F60EC00A136FF</key>
		<dict>
			<key>fileEncoding</key>
			<string>4</string>
			<key>isa</key>
			<string>PBXFileReference</string>
			<key>lastKnownFileType</key>
			<string>sourcecode.c.objc</string>
			<key>path</key>
			<string>Artifacts.m</string>
			<key>sourceTree</key>
			<string>&lt;group&gt;</string>
		</dict>
		<key>7556378E1D4F60EC00A136FF</key>
		<dict>
			<key>fileRef</key>
			<string>7556378D1D4F60EC00A136FF</string>
			<key>isa</key>
			<string>PBXBuildFile</string>
		</dict>
		<key>755637951D5098CD00A136FF</key>
		<dict>
			<key>fileEncoding</key>
			<string>4</string>
			<key>isa</key>
			<string>PBXFileReference</string>
			<key>lastKnownFileType</key>
			<string>sourcecode.c.h</string>
			<key>path</key>
			<string>AddItemViewController.h</string>
			<key>sourceTree</key>
			<string>&lt;group&gt;</string>
		</dict>
		<key>755637961D5098CD00A136FF</key>
		<dict>
			<key>fileEncoding</key>
			<string>4</string>
			<key>isa</key>
			<string>PBXFileReference</string>
			<key>lastKnownFileType</key>
			<string>sourcecode.c.objc</string>
			<key>path</key>
			<string>AddItemViewController.m</string>
			<key>sourceTree</key>
			<string>&lt;group&gt;</string>
		</dict>
		<key>755637971D5098CD00A136FF</key>
		<dict>
			<key>fileRef</key>
			<string>755637961D5098CD00A136FF</string>
			<key>isa</key>
			<string>PBXBuildFile</string>
		</dict>
		<key>755637981D509E1C00A136FF</key>
		<dict>
			<key>fileEncoding</key>
			<string>4</string>
			<key>isa</key>
			<string>PBXFileReference</string>
			<key>lastKnownFileType</key>
			<string>sourcecode.c.h</string>
			<key>path</key>
			<string>CustomTextView.h</string>
			<key>sourceTree</key>
			<string>&lt;group&gt;</string>
		</dict>
		<key>755637991D509E1C00A136FF</key>
		<dict>
			<key>fileEncoding</key>
			<string>4</string>
			<key>isa</key>
			<string>PBXFileReference</string>
			<key>lastKnownFileType</key>
			<string>sourcecode.c.objc</string>
			<key>path</key>
			<string>CustomTextView.m</string>
			<key>sourceTree</key>
			<string>&lt;group&gt;</string>
		</dict>
		<key>7556379A1D509E1C00A136FF</key>
		<dict>
			<key>fileRef</key>
			<string>755637991D509E1C00A136FF</string>
			<key>isa</key>
			<string>PBXBuildFile</string>
		</dict>
		<key>755B76231D23E0E600B211CF</key>
		<dict>
			<key>fileEncoding</key>
			<string>4</string>
			<key>isa</key>
			<string>PBXFileReference</string>
			<key>lastKnownFileType</key>
			<string>sourcecode.c.h</string>
			<key>path</key>
			<string>SettingsTableViewCell.h</string>
			<key>sourceTree</key>
			<string>&lt;group&gt;</string>
		</dict>
		<key>755B76241D23E0E600B211CF</key>
		<dict>
			<key>fileEncoding</key>
			<string>4</string>
			<key>isa</key>
			<string>PBXFileReference</string>
			<key>lastKnownFileType</key>
			<string>sourcecode.c.objc</string>
			<key>path</key>
			<string>SettingsTableViewCell.m</string>
			<key>sourceTree</key>
			<string>&lt;group&gt;</string>
		</dict>
		<key>755B76251D23E0E600B211CF</key>
		<dict>
			<key>fileRef</key>
			<string>755B76241D23E0E600B211CF</string>
			<key>isa</key>
			<string>PBXBuildFile</string>
		</dict>
		<key>755B76291D2415CE00B211CF</key>
		<dict>
			<key>fileEncoding</key>
			<string>4</string>
			<key>isa</key>
			<string>PBXFileReference</string>
			<key>lastKnownFileType</key>
			<string>sourcecode.c.h</string>
			<key>path</key>
			<string>Team.h</string>
			<key>sourceTree</key>
			<string>&lt;group&gt;</string>
		</dict>
		<key>755B762A1D2415CE00B211CF</key>
		<dict>
			<key>fileEncoding</key>
			<string>4</string>
			<key>isa</key>
			<string>PBXFileReference</string>
			<key>lastKnownFileType</key>
			<string>sourcecode.c.objc</string>
			<key>path</key>
			<string>Team.m</string>
			<key>sourceTree</key>
			<string>&lt;group&gt;</string>
		</dict>
		<key>755B762B1D2415CE00B211CF</key>
		<dict>
			<key>fileRef</key>
			<string>755B762A1D2415CE00B211CF</string>
			<key>isa</key>
			<string>PBXBuildFile</string>
		</dict>
		<key>7583BB051D7080B500F1A055</key>
		<dict>
			<key>fileEncoding</key>
			<string>4</string>
			<key>isa</key>
			<string>PBXFileReference</string>
			<key>lastKnownFileType</key>
			<string>text.plist.xml</string>
			<key>path</key>
			<string>GoogleService-Info.plist</string>
			<key>sourceTree</key>
			<string>&lt;group&gt;</string>
		</dict>
		<key>7583BB061D7080B500F1A055</key>
		<dict>
			<key>fileRef</key>
			<string>7583BB051D7080B500F1A055</string>
			<key>isa</key>
			<string>PBXBuildFile</string>
		</dict>
		<key>75843BF31D546A9400D6777F</key>
		<dict>
			<key>fileEncoding</key>
			<string>4</string>
			<key>isa</key>
			<string>PBXFileReference</string>
			<key>lastKnownFileType</key>
			<string>sourcecode.c.h</string>
			<key>path</key>
			<string>ViewSprintViewController.h</string>
			<key>sourceTree</key>
			<string>&lt;group&gt;</string>
		</dict>
		<key>75843BF41D546A9400D6777F</key>
		<dict>
			<key>fileEncoding</key>
			<string>4</string>
			<key>isa</key>
			<string>PBXFileReference</string>
			<key>lastKnownFileType</key>
			<string>sourcecode.c.objc</string>
			<key>path</key>
			<string>ViewSprintViewController.m</string>
			<key>sourceTree</key>
			<string>&lt;group&gt;</string>
		</dict>
		<key>75843BF51D546A9400D6777F</key>
		<dict>
			<key>fileRef</key>
			<string>75843BF41D546A9400D6777F</string>
			<key>isa</key>
			<string>PBXBuildFile</string>
		</dict>
		<key>75843BF61D547F9C00D6777F</key>
		<dict>
			<key>fileEncoding</key>
			<string>4</string>
			<key>isa</key>
			<string>PBXFileReference</string>
			<key>lastKnownFileType</key>
			<string>sourcecode.c.h</string>
			<key>path</key>
			<string>ImportItemsViewController.h</string>
			<key>sourceTree</key>
			<string>&lt;group&gt;</string>
		</dict>
		<key>75843BF71D547F9C00D6777F</key>
		<dict>
			<key>fileEncoding</key>
			<string>4</string>
			<key>isa</key>
			<string>PBXFileReference</string>
			<key>lastKnownFileType</key>
			<string>sourcecode.c.objc</string>
			<key>path</key>
			<string>ImportItemsViewController.m</string>
			<key>sourceTree</key>
			<string>&lt;group&gt;</string>
		</dict>
		<key>75843BF81D547F9C00D6777F</key>
		<dict>
			<key>fileRef</key>
			<string>75843BF71D547F9C00D6777F</string>
			<key>isa</key>
			<string>PBXBuildFile</string>
		</dict>
		<key>758454ED1D255506001C36EF</key>
		<dict>
			<key>fileEncoding</key>
			<string>4</string>
			<key>isa</key>
			<string>PBXFileReference</string>
			<key>lastKnownFileType</key>
			<string>sourcecode.c.h</string>
			<key>path</key>
			<string>PageContentViewController.h</string>
			<key>sourceTree</key>
			<string>&lt;group&gt;</string>
		</dict>
		<key>758454EE1D255506001C36EF</key>
		<dict>
			<key>fileEncoding</key>
			<string>4</string>
			<key>isa</key>
			<string>PBXFileReference</string>
			<key>lastKnownFileType</key>
			<string>sourcecode.c.objc</string>
			<key>path</key>
			<string>PageContentViewController.m</string>
			<key>sourceTree</key>
			<string>&lt;group&gt;</string>
		</dict>
		<key>758454EF1D255506001C36EF</key>
		<dict>
			<key>fileRef</key>
			<string>758454EE1D255506001C36EF</string>
			<key>isa</key>
			<string>PBXBuildFile</string>
		</dict>
		<key>7588AF001D37063A00F6E1E9</key>
		<dict>
			<key>fileEncoding</key>
			<string>4</string>
			<key>isa</key>
			<string>PBXFileReference</string>
			<key>lastKnownFileType</key>
			<string>sourcecode.c.h</string>
			<key>path</key>
			<string>CustomTextField.h</string>
			<key>sourceTree</key>
			<string>&lt;group&gt;</string>
		</dict>
		<key>7588AF011D37063A00F6E1E9</key>
		<dict>
			<key>fileEncoding</key>
			<string>4</string>
			<key>isa</key>
			<string>PBXFileReference</string>
			<key>lastKnownFileType</key>
			<string>sourcecode.c.objc</string>
			<key>path</key>
			<string>CustomTextField.m</string>
			<key>sourceTree</key>
			<string>&lt;group&gt;</string>
		</dict>
		<key>7588AF021D37063A00F6E1E9</key>
		<dict>
			<key>fileRef</key>
			<string>7588AF011D37063A00F6E1E9</string>
			<key>isa</key>
			<string>PBXBuildFile</string>
		</dict>
		<key>7588AF031D37066B00F6E1E9</key>
		<dict>
			<key>fileEncoding</key>
			<string>4</string>
			<key>isa</key>
			<string>PBXFileReference</string>
			<key>lastKnownFileType</key>
			<string>sourcecode.c.h</string>
			<key>path</key>
			<string>ImageStyleButton.h</string>
			<key>sourceTree</key>
			<string>&lt;group&gt;</string>
		</dict>
		<key>7588AF041D37066B00F6E1E9</key>
		<dict>
			<key>fileEncoding</key>
			<string>4</string>
			<key>isa</key>
			<string>PBXFileReference</string>
			<key>lastKnownFileType</key>
			<string>sourcecode.c.objc</string>
			<key>path</key>
			<string>ImageStyleButton.m</string>
			<key>sourceTree</key>
			<string>&lt;group&gt;</string>
		</dict>
		<key>7588AF051D37066B00F6E1E9</key>
		<dict>
			<key>fileRef</key>
			<string>7588AF041D37066B00F6E1E9</string>
			<key>isa</key>
			<string>PBXBuildFile</string>
		</dict>
		<key>7588AF061D3845CB00F6E1E9</key>
		<dict>
			<key>fileEncoding</key>
			<string>4</string>
			<key>isa</key>
			<string>PBXFileReference</string>
			<key>lastKnownFileType</key>
			<string>sourcecode.c.h</string>
			<key>path</key>
			<string>SearchTeamViewController.h</string>
			<key>sourceTree</key>
			<string>&lt;group&gt;</string>
		</dict>
		<key>7588AF071D3845CB00F6E1E9</key>
		<dict>
			<key>fileEncoding</key>
			<string>4</string>
			<key>isa</key>
			<string>PBXFileReference</string>
			<key>lastKnownFileType</key>
			<string>sourcecode.c.objc</string>
			<key>path</key>
			<string>SearchTeamViewController.m</string>
			<key>sourceTree</key>
			<string>&lt;group&gt;</string>
		</dict>
		<key>7588AF081D3845CB00F6E1E9</key>
		<dict>
			<key>fileRef</key>
			<string>7588AF071D3845CB00F6E1E9</string>
			<key>isa</key>
			<string>PBXBuildFile</string>
		</dict>
		<key>758F557B1D78EFD800F3AAAA</key>
		<dict>
			<key>fileEncoding</key>
			<string>4</string>
			<key>isa</key>
			<string>PBXFileReference</string>
			<key>lastKnownFileType</key>
			<string>sourcecode.c.h</string>
			<key>path</key>
			<string>StorageService.h</string>
			<key>sourceTree</key>
			<string>&lt;group&gt;</string>
		</dict>
		<key>758F557C1D78EFD800F3AAAA</key>
		<dict>
			<key>fileEncoding</key>
			<string>4</string>
			<key>isa</key>
			<string>PBXFileReference</string>
			<key>lastKnownFileType</key>
			<string>sourcecode.c.objc</string>
			<key>path</key>
			<string>StorageService.m</string>
			<key>sourceTree</key>
			<string>&lt;group&gt;</string>
		</dict>
		<key>758F557D1D78EFD800F3AAAA</key>
		<dict>
			<key>fileRef</key>
			<string>758F557C1D78EFD800F3AAAA</string>
			<key>isa</key>
			<string>PBXBuildFile</string>
		</dict>
		<key>759286841D46D3CB00D3B9B8</key>
		<dict>
			<key>fileEncoding</key>
			<string>4</string>
			<key>isa</key>
			<string>PBXFileReference</string>
			<key>lastKnownFileType</key>
			<string>sourcecode.c.h</string>
			<key>path</key>
			<string>TeamsTableViewCell.h</string>
			<key>sourceTree</key>
			<string>&lt;group&gt;</string>
		</dict>
		<key>759286851D46D3CB00D3B9B8</key>
		<dict>
			<key>fileEncoding</key>
			<string>4</string>
			<key>isa</key>
			<string>PBXFileReference</string>
			<key>lastKnownFileType</key>
			<string>sourcecode.c.objc</string>
			<key>path</key>
			<string>TeamsTableViewCell.m</string>
			<key>sourceTree</key>
			<string>&lt;group&gt;</string>
		</dict>
		<key>759286861D46D3CB00D3B9B8</key>
		<dict>
			<key>fileRef</key>
			<string>759286851D46D3CB00D3B9B8</string>
			<key>isa</key>
			<string>PBXBuildFile</string>
		</dict>
		<key>759918961D1D981F00E38268</key>
		<dict>
			<key>fileEncoding</key>
			<string>4</string>
			<key>isa</key>
			<string>PBXFileReference</string>
			<key>lastKnownFileType</key>
			<string>sourcecode.c.h</string>
			<key>path</key>
			<string>ShadowImageView.h</string>
			<key>sourceTree</key>
			<string>&lt;group&gt;</string>
		</dict>
		<key>759918971D1D981F00E38268</key>
		<dict>
			<key>fileEncoding</key>
			<string>4</string>
			<key>isa</key>
			<string>PBXFileReference</string>
			<key>lastKnownFileType</key>
			<string>sourcecode.c.objc</string>
			<key>path</key>
			<string>ShadowImageView.m</string>
			<key>sourceTree</key>
			<string>&lt;group&gt;</string>
		</dict>
		<key>759918981D1D981F00E38268</key>
		<dict>
			<key>fileRef</key>
			<string>759918971D1D981F00E38268</string>
			<key>isa</key>
			<string>PBXBuildFile</string>
		</dict>
		<key>759918991D1E2AD100E38268</key>
		<dict>
			<key>children</key>
			<array>
				<string>7599189A1D1E2AF600E38268</string>
				<string>7599189B1D1E2AF600E38268</string>
				<string>75C896F31D45A41500B9062F</string>
				<string>75C896F41D45A41500B9062F</string>
			</array>
			<key>isa</key>
			<string>PBXGroup</string>
			<key>name</key>
			<string>Utilities</string>
			<key>sourceTree</key>
			<string>&lt;group&gt;</string>
		</dict>
		<key>7599189A1D1E2AF600E38268</key>
		<dict>
			<key>fileEncoding</key>
			<string>4</string>
			<key>isa</key>
			<string>PBXFileReference</string>
			<key>lastKnownFileType</key>
			<string>sourcecode.c.h</string>
			<key>path</key>
			<string>AnimationGenerator.h</string>
			<key>sourceTree</key>
			<string>&lt;group&gt;</string>
		</dict>
		<key>7599189B1D1E2AF600E38268</key>
		<dict>
			<key>fileEncoding</key>
			<string>4</string>
			<key>isa</key>
			<string>PBXFileReference</string>
			<key>lastKnownFileType</key>
			<string>sourcecode.c.objc</string>
			<key>path</key>
			<string>AnimationGenerator.m</string>
			<key>sourceTree</key>
			<string>&lt;group&gt;</string>
		</dict>
		<key>7599189C1D1E2AF600E38268</key>
		<dict>
			<key>fileRef</key>
			<string>7599189B1D1E2AF600E38268</string>
			<key>isa</key>
			<string>PBXBuildFile</string>
		</dict>
		<key>759CA8341D3E2FE200A26EB9</key>
		<dict>
			<key>fileEncoding</key>
			<string>4</string>
			<key>isa</key>
			<string>PBXFileReference</string>
			<key>lastKnownFileType</key>
			<string>sourcecode.c.h</string>
			<key>path</key>
			<string>User.h</string>
			<key>sourceTree</key>
			<string>&lt;group&gt;</string>
		</dict>
		<key>759CA8351D3E2FE200A26EB9</key>
		<dict>
			<key>fileEncoding</key>
			<string>4</string>
			<key>isa</key>
			<string>PBXFileReference</string>
			<key>lastKnownFileType</key>
			<string>sourcecode.c.objc</string>
			<key>path</key>
			<string>User.m</string>
			<key>sourceTree</key>
			<string>&lt;group&gt;</string>
		</dict>
		<key>759CA8361D3E2FE200A26EB9</key>
		<dict>
			<key>fileRef</key>
			<string>759CA8351D3E2FE200A26EB9</string>
			<key>isa</key>
			<string>PBXBuildFile</string>
		</dict>
		<key>75AE51C01D5D2406001B4939</key>
		<dict>
			<key>fileEncoding</key>
			<string>4</string>
			<key>isa</key>
			<string>PBXFileReference</string>
			<key>lastKnownFileType</key>
			<string>sourcecode.c.h</string>
			<key>path</key>
			<string>AnimatedButton.h</string>
			<key>sourceTree</key>
			<string>&lt;group&gt;</string>
		</dict>
		<key>75AE51C11D5D2406001B4939</key>
		<dict>
			<key>fileEncoding</key>
			<string>4</string>
			<key>isa</key>
			<string>PBXFileReference</string>
			<key>lastKnownFileType</key>
			<string>sourcecode.c.objc</string>
			<key>path</key>
			<string>AnimatedButton.m</string>
			<key>sourceTree</key>
			<string>&lt;group&gt;</string>
		</dict>
		<key>75AE51C21D5D2406001B4939</key>
		<dict>
			<key>fileRef</key>
			<string>75AE51C11D5D2406001B4939</string>
			<key>isa</key>
			<string>PBXBuildFile</string>
		</dict>
		<key>75AF0EFF1D62879D00B60FC4</key>
		<dict>
			<key>fileEncoding</key>
			<string>4</string>
			<key>isa</key>
			<string>PBXFileReference</string>
			<key>lastKnownFileType</key>
			<string>sourcecode.c.h</string>
			<key>path</key>
			<string>ManageTeamsViewController.h</string>
			<key>sourceTree</key>
			<string>&lt;group&gt;</string>
		</dict>
		<key>75AF0F001D62879D00B60FC4</key>
		<dict>
			<key>fileEncoding</key>
			<string>4</string>
			<key>isa</key>
			<string>PBXFileReference</string>
			<key>lastKnownFileType</key>
			<string>sourcecode.c.objc</string>
			<key>path</key>
			<string>ManageTeamsViewController.m</string>
			<key>sourceTree</key>
			<string>&lt;group&gt;</string>
		</dict>
		<key>75AF0F011D62879D00B60FC4</key>
		<dict>
			<key>fileRef</key>
			<string>75AF0F001D62879D00B60FC4</string>
			<key>isa</key>
			<string>PBXBuildFile</string>
		</dict>
		<key>75B375A91D4AEBD7008F73F6</key>
		<dict>
			<key>fileEncoding</key>
			<string>4</string>
			<key>isa</key>
			<string>PBXFileReference</string>
			<key>lastKnownFileType</key>
			<string>sourcecode.c.h</string>
			<key>path</key>
			<string>CustomUILabel.h</string>
			<key>sourceTree</key>
			<string>&lt;group&gt;</string>
		</dict>
		<key>75B375AA1D4AEBD7008F73F6</key>
		<dict>
			<key>fileEncoding</key>
			<string>4</string>
			<key>isa</key>
			<string>PBXFileReference</string>
			<key>lastKnownFileType</key>
			<string>sourcecode.c.objc</string>
			<key>path</key>
			<string>CustomUILabel.m</string>
			<key>sourceTree</key>
			<string>&lt;group&gt;</string>
		</dict>
		<key>75B375AB1D4AEBD7008F73F6</key>
		<dict>
			<key>fileRef</key>
			<string>75B375AA1D4AEBD7008F73F6</string>
			<key>isa</key>
			<string>PBXBuildFile</string>
		</dict>
		<key>75BEA1AE1D4B373700F4F4D9</key>
		<dict>
			<key>fileEncoding</key>
			<string>4</string>
			<key>isa</key>
			<string>PBXFileReference</string>
			<key>lastKnownFileType</key>
			<string>sourcecode.c.h</string>
			<key>path</key>
			<string>SprintTableViewCell.h</string>
			<key>sourceTree</key>
			<string>&lt;group&gt;</string>
		</dict>
		<key>75BEA1AF1D4B373700F4F4D9</key>
		<dict>
			<key>fileEncoding</key>
			<string>4</string>
			<key>isa</key>
			<string>PBXFileReference</string>
			<key>lastKnownFileType</key>
			<string>sourcecode.c.objc</string>
			<key>path</key>
			<string>SprintTableViewCell.m</string>
			<key>sourceTree</key>
			<string>&lt;group&gt;</string>
		</dict>
		<key>75BEA1B01D4B373700F4F4D9</key>
		<dict>
			<key>fileRef</key>
			<string>75BEA1AF1D4B373700F4F4D9</string>
			<key>isa</key>
			<string>PBXBuildFile</string>
		</dict>
		<key>75BEA1B11D4B3DCC00F4F4D9</key>
		<dict>
			<key>fileEncoding</key>
			<string>4</string>
			<key>isa</key>
			<string>PBXFileReference</string>
			<key>lastKnownFileType</key>
			<string>sourcecode.c.h</string>
			<key>path</key>
			<string>BacklogTableViewController.h</string>
			<key>sourceTree</key>
			<string>&lt;group&gt;</string>
		</dict>
		<key>75BEA1B21D4B3DCC00F4F4D9</key>
		<dict>
			<key>fileEncoding</key>
			<string>4</string>
			<key>isa</key>
			<string>PBXFileReference</string>
			<key>lastKnownFileType</key>
			<string>sourcecode.c.objc</string>
			<key>path</key>
			<string>BacklogTableViewController.m</string>
			<key>sourceTree</key>
			<string>&lt;group&gt;</string>
		</dict>
		<key>75BEA1B31D4B3DCC00F4F4D9</key>
		<dict>
			<key>fileRef</key>
			<string>75BEA1B21D4B3DCC00F4F4D9</string>
			<key>isa</key>
			<string>PBXBuildFile</string>
		</dict>
		<key>75BFABAB1D181A6B0001CD57</key>
		<dict>
			<key>children</key>
			<array>
				<string>75BFABB61D181A6B0001CD57</string>
				<string>75BFABB51D181A6B0001CD57</string>
				<string>DFB19527B46178E75C86233C</string>
				<string>7741487F04BA5A37602E6C5D</string>
			</array>
			<key>isa</key>
			<string>PBXGroup</string>
			<key>sourceTree</key>
			<string>&lt;group&gt;</string>
		</dict>
		<key>75BFABAC1D181A6B0001CD57</key>
		<dict>
			<key>attributes</key>
			<dict>
				<key>LastUpgradeCheck</key>
				<string>0730</string>
				<key>ORGANIZATIONNAME</key>
				<string>Vincent Chau</string>
				<key>TargetAttributes</key>
				<dict>
					<key>75BFABB31D181A6B0001CD57</key>
					<dict>
						<key>CreatedOnToolsVersion</key>
						<string>7.3.1</string>
						<key>DevelopmentTeam</key>
						<string>7S87P72MY4</string>
					</dict>
				</dict>
			</dict>
			<key>buildConfigurationList</key>
			<string>75BFABAF1D181A6B0001CD57</string>
			<key>compatibilityVersion</key>
			<string>Xcode 3.2</string>
			<key>developmentRegion</key>
			<string>English</string>
			<key>hasScannedForEncodings</key>
			<string>0</string>
			<key>isa</key>
			<string>PBXProject</string>
			<key>knownRegions</key>
			<array>
				<string>en</string>
				<string>Base</string>
			</array>
			<key>mainGroup</key>
			<string>75BFABAB1D181A6B0001CD57</string>
			<key>productRefGroup</key>
			<string>75BFABB51D181A6B0001CD57</string>
			<key>projectDirPath</key>
			<string></string>
			<key>projectRoot</key>
			<string></string>
			<key>targets</key>
			<array>
				<string>75BFABB31D181A6B0001CD57</string>
			</array>
		</dict>
		<key>75BFABAF1D181A6B0001CD57</key>
		<dict>
			<key>buildConfigurations</key>
			<array>
				<string>75BFABCC1D181A6B0001CD57</string>
				<string>75BFABCD1D181A6B0001CD57</string>
			</array>
			<key>defaultConfigurationIsVisible</key>
			<string>0</string>
			<key>defaultConfigurationName</key>
			<string>Release</string>
			<key>isa</key>
			<string>XCConfigurationList</string>
		</dict>
		<key>75BFABB01D181A6B0001CD57</key>
		<dict>
			<key>buildActionMask</key>
			<string>2147483647</string>
			<key>files</key>
			<array>
				<string>759286861D46D3CB00D3B9B8</string>
				<string>755637971D5098CD00A136FF</string>
				<string>75F0F30C1D6E3A72000547DC</string>
				<string>754FF8971D1D2CD2004ABD43</string>
				<string>75BFABBC1D181A6B0001CD57</string>
				<string>75BFABC51D181A6B0001CD57</string>
				<string>75C896F21D43635C00B9062F</string>
				<string>75E3AA5F1D68483B009A7866</string>
				<string>75E3AA5C1D6843C1009A7866</string>
				<string>751A755E1D183E9300923F61</string>
				<string>7556378E1D4F60EC00A136FF</string>
				<string>752C076A1D35B60100E8712D</string>
				<string>75BFABB91D181A6B0001CD57</string>
				<string>755B76251D23E0E600B211CF</string>
				<string>75C14F151D18213600CAE375</string>
				<string>759CA8361D3E2FE200A26EB9</string>
				<string>7588AF021D37063A00F6E1E9</string>
				<string>758F557D1D78EFD800F3AAAA</string>
				<string>75C896F51D45A41500B9062F</string>
				<string>75843BF51D546A9400D6777F</string>
				<string>754FF8881D1BA143004ABD43</string>
				<string>754FF88B1D1BA183004ABD43</string>
				<string>755B762B1D2415CE00B211CF</string>
				<string>75BEA1B31D4B3DCC00F4F4D9</string>
				<string>75E3AA591D668786009A7866</string>
				<string>75AF0F011D62879D00B60FC4</string>
				<string>759918981D1D981F00E38268</string>
				<string>752C07671D30F52B00E8712D</string>
				<string>751868361D72F0EA00736D94</string>
				<string>75BEA1B01D4B373700F4F4D9</string>
				<string>7599189C1D1E2AF600E38268</string>
				<string>75E3AA561D6680A8009A7866</string>
				<string>758454EF1D255506001C36EF</string>
				<string>75B375AB1D4AEBD7008F73F6</string>
				<string>7588AF081D3845CB00F6E1E9</string>
				<string>752C07641D30797C00E8712D</string>
				<string>7556379A1D509E1C00A136FF</string>
				<string>75AE51C21D5D2406001B4939</string>
				<string>75F0F30F1D6E3A83000547DC</string>
				<string>75E94BE91D51844600F859FD</string>
				<string>7588AF051D37066B00F6E1E9</string>
				<string>75E3AA621D6C5EAB009A7866</string>
				<string>75843BF81D547F9C00D6777F</string>
				<string>75F97B181D5A877B00A8633F</string>
				<string>754FF8911D1D04F2004ABD43</string>
			</array>
			<key>isa</key>
			<string>PBXSourcesBuildPhase</string>
			<key>runOnlyForDeploymentPostprocessing</key>
			<string>0</string>
		</dict>
		<key>75BFABB11D181A6B0001CD57</key>
		<dict>
			<key>buildActionMask</key>
			<string>2147483647</string>
			<key>files</key>
			<array>
				<string>A1137C1E6815F8B9B4AFFA5D</string>
			</array>
			<key>isa</key>
			<string>PBXFrameworksBuildPhase</string>
			<key>runOnlyForDeploymentPostprocessing</key>
			<string>0</string>
		</dict>
		<key>75BFABB21D181A6B0001CD57</key>
		<dict>
			<key>buildActionMask</key>
			<string>2147483647</string>
			<key>files</key>
			<array>
				<string>75BFABCA1D181A6B0001CD57</string>
				<string>7583BB061D7080B500F1A055</string>
				<string>75BFABC71D181A6B0001CD57</string>
				<string>75BFABC21D181A6B0001CD57</string>
			</array>
			<key>isa</key>
			<string>PBXResourcesBuildPhase</string>
			<key>runOnlyForDeploymentPostprocessing</key>
			<string>0</string>
		</dict>
		<key>75BFABB31D181A6B0001CD57</key>
		<dict>
			<key>buildConfigurationList</key>
			<string>75BFABCE1D181A6B0001CD57</string>
			<key>buildPhases</key>
			<array>
				<string>A8CB791E40DC6FEE72D2C60F</string>
				<string>75BFABB01D181A6B0001CD57</string>
				<string>75BFABB11D181A6B0001CD57</string>
				<string>75BFABB21D181A6B0001CD57</string>
				<string>DB8673E7251BCB6D1380A656</string>
				<string>1335E1397F3B82D46D8D86E1</string>
				<string>OBJCLEANCUSTOMRUNSCRIPTT</string>
			</array>
			<key>buildRules</key>
			<array/>
			<key>dependencies</key>
			<array/>
			<key>isa</key>
			<string>PBXNativeTarget</string>
			<key>name</key>
			<string>CodeSprint</string>
			<key>productName</key>
			<string>CodeSprint</string>
			<key>productReference</key>
			<string>75BFABB41D181A6B0001CD57</string>
			<key>productType</key>
			<string>com.apple.product-type.application</string>
		</dict>
		<key>75BFABB41D181A6B0001CD57</key>
		<dict>
			<key>explicitFileType</key>
			<string>wrapper.application</string>
			<key>includeInIndex</key>
			<string>0</string>
			<key>isa</key>
			<string>PBXFileReference</string>
			<key>path</key>
			<string>CodeSprint.app</string>
			<key>sourceTree</key>
			<string>BUILT_PRODUCTS_DIR</string>
		</dict>
		<key>75BFABB51D181A6B0001CD57</key>
		<dict>
			<key>children</key>
			<array>
				<string>75BFABB41D181A6B0001CD57</string>
			</array>
			<key>isa</key>
			<string>PBXGroup</string>
			<key>name</key>
			<string>Products</string>
			<key>sourceTree</key>
			<string>&lt;group&gt;</string>
		</dict>
		<key>75BFABB61D181A6B0001CD57</key>
		<dict>
			<key>children</key>
			<array>
				<string>75BFABD11D181B570001CD57</string>
				<string>759918991D1E2AD100E38268</string>
				<string>751A755B1D183E4E00923F61</string>
				<string>751A755F1D18A7DD00923F61</string>
				<string>751A75601D18A80600923F61</string>
				<string>75C14F161D18214800CAE375</string>
				<string>75BFABC61D181A6B0001CD57</string>
				<string>75BFABC31D181A6B0001CD57</string>
				<string>75BFABB71D181A6B0001CD57</string>
			</array>
			<key>isa</key>
			<string>PBXGroup</string>
			<key>path</key>
			<string>CodeSprint</string>
			<key>sourceTree</key>
			<string>&lt;group&gt;</string>
		</dict>
		<key>75BFABB71D181A6B0001CD57</key>
		<dict>
			<key>children</key>
			<array>
				<string>7583BB051D7080B500F1A055</string>
				<string>75BFABB81D181A6B0001CD57</string>
			</array>
			<key>isa</key>
			<string>PBXGroup</string>
			<key>name</key>
			<string>Supporting Files</string>
			<key>sourceTree</key>
			<string>&lt;group&gt;</string>
		</dict>
		<key>75BFABB81D181A6B0001CD57</key>
		<dict>
			<key>isa</key>
			<string>PBXFileReference</string>
			<key>lastKnownFileType</key>
			<string>sourcecode.c.objc</string>
			<key>path</key>
			<string>main.m</string>
			<key>sourceTree</key>
			<string>&lt;group&gt;</string>
		</dict>
		<key>75BFABB91D181A6B0001CD57</key>
		<dict>
			<key>fileRef</key>
			<string>75BFABB81D181A6B0001CD57</string>
			<key>isa</key>
			<string>PBXBuildFile</string>
		</dict>
		<key>75BFABBA1D181A6B0001CD57</key>
		<dict>
			<key>isa</key>
			<string>PBXFileReference</string>
			<key>lastKnownFileType</key>
			<string>sourcecode.c.h</string>
			<key>path</key>
			<string>AppDelegate.h</string>
			<key>sourceTree</key>
			<string>&lt;group&gt;</string>
		</dict>
		<key>75BFABBB1D181A6B0001CD57</key>
		<dict>
			<key>isa</key>
			<string>PBXFileReference</string>
			<key>lastKnownFileType</key>
			<string>sourcecode.c.objc</string>
			<key>path</key>
			<string>AppDelegate.m</string>
			<key>sourceTree</key>
			<string>&lt;group&gt;</string>
		</dict>
		<key>75BFABBC1D181A6B0001CD57</key>
		<dict>
			<key>fileRef</key>
			<string>75BFABBB1D181A6B0001CD57</string>
			<key>isa</key>
			<string>PBXBuildFile</string>
		</dict>
		<key>75BFABC01D181A6B0001CD57</key>
		<dict>
			<key>children</key>
			<array>
				<string>75BFABC11D181A6B0001CD57</string>
			</array>
			<key>isa</key>
			<string>PBXVariantGroup</string>
			<key>name</key>
			<string>Main.storyboard</string>
			<key>sourceTree</key>
			<string>&lt;group&gt;</string>
		</dict>
		<key>75BFABC11D181A6B0001CD57</key>
		<dict>
			<key>isa</key>
			<string>PBXFileReference</string>
			<key>lastKnownFileType</key>
			<string>file.storyboard</string>
			<key>name</key>
			<string>Base</string>
			<key>path</key>
			<string>Base.lproj/Main.storyboard</string>
			<key>sourceTree</key>
			<string>&lt;group&gt;</string>
		</dict>
		<key>75BFABC21D181A6B0001CD57</key>
		<dict>
			<key>fileRef</key>
			<string>75BFABC01D181A6B0001CD57</string>
			<key>isa</key>
			<string>PBXBuildFile</string>
		</dict>
		<key>75BFABC31D181A6B0001CD57</key>
		<dict>
			<key>children</key>
			<array>
				<string>75BFABC41D181A6B0001CD57</string>
			</array>
			<key>currentVersion</key>
			<string>75BFABC41D181A6B0001CD57</string>
			<key>isa</key>
			<string>XCVersionGroup</string>
			<key>path</key>
			<string>CodeSprint.xcdatamodeld</string>
			<key>sourceTree</key>
			<string>&lt;group&gt;</string>
			<key>versionGroupType</key>
			<string>wrapper.xcdatamodel</string>
		</dict>
		<key>75BFABC41D181A6B0001CD57</key>
		<dict>
			<key>isa</key>
			<string>PBXFileReference</string>
			<key>lastKnownFileType</key>
			<string>wrapper.xcdatamodel</string>
			<key>path</key>
			<string>CodeSprint.xcdatamodel</string>
			<key>sourceTree</key>
			<string>&lt;group&gt;</string>
		</dict>
		<key>75BFABC51D181A6B0001CD57</key>
		<dict>
			<key>fileRef</key>
			<string>75BFABC31D181A6B0001CD57</string>
			<key>isa</key>
			<string>PBXBuildFile</string>
		</dict>
		<key>75BFABC61D181A6B0001CD57</key>
		<dict>
			<key>isa</key>
			<string>PBXFileReference</string>
			<key>lastKnownFileType</key>
			<string>folder.assetcatalog</string>
			<key>path</key>
			<string>Assets.xcassets</string>
			<key>sourceTree</key>
			<string>&lt;group&gt;</string>
		</dict>
		<key>75BFABC71D181A6B0001CD57</key>
		<dict>
			<key>fileRef</key>
			<string>75BFABC61D181A6B0001CD57</string>
			<key>isa</key>
			<string>PBXBuildFile</string>
		</dict>
		<key>75BFABC81D181A6B0001CD57</key>
		<dict>
			<key>children</key>
			<array>
				<string>75BFABC91D181A6B0001CD57</string>
			</array>
			<key>isa</key>
			<string>PBXVariantGroup</string>
			<key>name</key>
			<string>LaunchScreen.storyboard</string>
			<key>sourceTree</key>
			<string>&lt;group&gt;</string>
		</dict>
		<key>75BFABC91D181A6B0001CD57</key>
		<dict>
			<key>isa</key>
			<string>PBXFileReference</string>
			<key>lastKnownFileType</key>
			<string>file.storyboard</string>
			<key>name</key>
			<string>Base</string>
			<key>path</key>
			<string>Base.lproj/LaunchScreen.storyboard</string>
			<key>sourceTree</key>
			<string>&lt;group&gt;</string>
		</dict>
		<key>75BFABCA1D181A6B0001CD57</key>
		<dict>
			<key>fileRef</key>
			<string>75BFABC81D181A6B0001CD57</string>
			<key>isa</key>
			<string>PBXBuildFile</string>
		</dict>
		<key>75BFABCB1D181A6B0001CD57</key>
		<dict>
			<key>isa</key>
			<string>PBXFileReference</string>
			<key>lastKnownFileType</key>
			<string>text.plist.xml</string>
			<key>path</key>
			<string>Info.plist</string>
			<key>sourceTree</key>
			<string>&lt;group&gt;</string>
		</dict>
		<key>75BFABCC1D181A6B0001CD57</key>
		<dict>
			<key>buildSettings</key>
			<dict>
				<key>ALWAYS_SEARCH_USER_PATHS</key>
				<string>NO</string>
				<key>CLANG_ANALYZER_NONNULL</key>
				<string>YES</string>
				<key>CLANG_CXX_LANGUAGE_STANDARD</key>
				<string>gnu++0x</string>
				<key>CLANG_CXX_LIBRARY</key>
				<string>libc++</string>
				<key>CLANG_ENABLE_MODULES</key>
				<string>YES</string>
				<key>CLANG_ENABLE_OBJC_ARC</key>
				<string>YES</string>
				<key>CLANG_WARN_BOOL_CONVERSION</key>
				<string>YES</string>
				<key>CLANG_WARN_CONSTANT_CONVERSION</key>
				<string>YES</string>
				<key>CLANG_WARN_DIRECT_OBJC_ISA_USAGE</key>
				<string>YES_ERROR</string>
				<key>CLANG_WARN_EMPTY_BODY</key>
				<string>YES</string>
				<key>CLANG_WARN_ENUM_CONVERSION</key>
				<string>YES</string>
				<key>CLANG_WARN_INFINITE_RECURSION</key>
				<string>YES</string>
				<key>CLANG_WARN_INT_CONVERSION</key>
				<string>YES</string>
				<key>CLANG_WARN_OBJC_ROOT_CLASS</key>
				<string>YES_ERROR</string>
				<key>CLANG_WARN_SUSPICIOUS_MOVE</key>
				<string>YES</string>
				<key>CLANG_WARN_UNREACHABLE_CODE</key>
				<string>YES</string>
				<key>CLANG_WARN__DUPLICATE_METHOD_MATCH</key>
				<string>YES</string>
				<key>CODE_SIGN_IDENTITY</key>
				<string>iPhone Developer</string>
				<key>CODE_SIGN_IDENTITY[sdk=iphoneos*]</key>
				<string>iPhone Developer</string>
				<key>COPY_PHASE_STRIP</key>
				<string>NO</string>
				<key>DEBUG_INFORMATION_FORMAT</key>
				<string>dwarf</string>
				<key>ENABLE_STRICT_OBJC_MSGSEND</key>
				<string>YES</string>
				<key>ENABLE_TESTABILITY</key>
				<string>YES</string>
				<key>GCC_C_LANGUAGE_STANDARD</key>
				<string>gnu99</string>
				<key>GCC_DYNAMIC_NO_PIC</key>
				<string>NO</string>
				<key>GCC_NO_COMMON_BLOCKS</key>
				<string>YES</string>
				<key>GCC_OPTIMIZATION_LEVEL</key>
				<string>0</string>
				<key>GCC_PREPROCESSOR_DEFINITIONS</key>
				<array>
					<string>DEBUG=1</string>
					<string>$(inherited)</string>
				</array>
				<key>GCC_WARN_64_TO_32_BIT_CONVERSION</key>
				<string>YES</string>
				<key>GCC_WARN_ABOUT_RETURN_TYPE</key>
				<string>YES_ERROR</string>
				<key>GCC_WARN_UNDECLARED_SELECTOR</key>
				<string>YES</string>
				<key>GCC_WARN_UNINITIALIZED_AUTOS</key>
				<string>YES_AGGRESSIVE</string>
				<key>GCC_WARN_UNUSED_FUNCTION</key>
				<string>YES</string>
				<key>GCC_WARN_UNUSED_VARIABLE</key>
				<string>YES</string>
				<key>IPHONEOS_DEPLOYMENT_TARGET</key>
				<string>9.3</string>
				<key>MTL_ENABLE_DEBUG_INFO</key>
				<string>YES</string>
				<key>ONLY_ACTIVE_ARCH</key>
				<string>YES</string>
				<key>PROVISIONING_PROFILE</key>
				<string>3feec09c-b700-4524-baf1-9e76583ffaaf</string>
				<key>PROVISIONING_PROFILE_SPECIFIER</key>
				<string>CodeSprintAppStore</string>
				<key>SDKROOT</key>
				<string>iphoneos</string>
				<key>TARGETED_DEVICE_FAMILY</key>
				<string>1,2</string>
			</dict>
			<key>isa</key>
			<string>XCBuildConfiguration</string>
			<key>name</key>
			<string>Debug</string>
		</dict>
		<key>75BFABCD1D181A6B0001CD57</key>
		<dict>
			<key>buildSettings</key>
			<dict>
				<key>ALWAYS_SEARCH_USER_PATHS</key>
				<string>NO</string>
				<key>CLANG_ANALYZER_NONNULL</key>
				<string>YES</string>
				<key>CLANG_CXX_LANGUAGE_STANDARD</key>
				<string>gnu++0x</string>
				<key>CLANG_CXX_LIBRARY</key>
				<string>libc++</string>
				<key>CLANG_ENABLE_MODULES</key>
				<string>YES</string>
				<key>CLANG_ENABLE_OBJC_ARC</key>
				<string>YES</string>
				<key>CLANG_WARN_BOOL_CONVERSION</key>
				<string>YES</string>
				<key>CLANG_WARN_CONSTANT_CONVERSION</key>
				<string>YES</string>
				<key>CLANG_WARN_DIRECT_OBJC_ISA_USAGE</key>
				<string>YES_ERROR</string>
				<key>CLANG_WARN_EMPTY_BODY</key>
				<string>YES</string>
				<key>CLANG_WARN_ENUM_CONVERSION</key>
				<string>YES</string>
				<key>CLANG_WARN_INFINITE_RECURSION</key>
				<string>YES</string>
				<key>CLANG_WARN_INT_CONVERSION</key>
				<string>YES</string>
				<key>CLANG_WARN_OBJC_ROOT_CLASS</key>
				<string>YES_ERROR</string>
				<key>CLANG_WARN_SUSPICIOUS_MOVE</key>
				<string>YES</string>
				<key>CLANG_WARN_UNREACHABLE_CODE</key>
				<string>YES</string>
				<key>CLANG_WARN__DUPLICATE_METHOD_MATCH</key>
				<string>YES</string>
				<key>CODE_SIGN_IDENTITY</key>
				<string>iPhone Distribution: Vincent Chau (7S87P72MY4)</string>
				<key>CODE_SIGN_IDENTITY[sdk=iphoneos*]</key>
				<string>iPhone Distribution: Vincent Chau (7S87P72MY4)</string>
				<key>COPY_PHASE_STRIP</key>
				<string>NO</string>
				<key>DEBUG_INFORMATION_FORMAT</key>
				<string>dwarf-with-dsym</string>
				<key>ENABLE_NS_ASSERTIONS</key>
				<string>NO</string>
				<key>ENABLE_STRICT_OBJC_MSGSEND</key>
				<string>YES</string>
				<key>GCC_C_LANGUAGE_STANDARD</key>
				<string>gnu99</string>
				<key>GCC_NO_COMMON_BLOCKS</key>
				<string>YES</string>
				<key>GCC_WARN_64_TO_32_BIT_CONVERSION</key>
				<string>YES</string>
				<key>GCC_WARN_ABOUT_RETURN_TYPE</key>
				<string>YES_ERROR</string>
				<key>GCC_WARN_UNDECLARED_SELECTOR</key>
				<string>YES</string>
				<key>GCC_WARN_UNINITIALIZED_AUTOS</key>
				<string>YES_AGGRESSIVE</string>
				<key>GCC_WARN_UNUSED_FUNCTION</key>
				<string>YES</string>
				<key>GCC_WARN_UNUSED_VARIABLE</key>
				<string>YES</string>
				<key>IPHONEOS_DEPLOYMENT_TARGET</key>
				<string>9.3</string>
				<key>MTL_ENABLE_DEBUG_INFO</key>
				<string>NO</string>
				<key>ONLY_ACTIVE_ARCH</key>
				<string>NO</string>
				<key>PROVISIONING_PROFILE</key>
				<string>3feec09c-b700-4524-baf1-9e76583ffaaf</string>
				<key>PROVISIONING_PROFILE_SPECIFIER</key>
				<string>CodeSprintAppStore</string>
				<key>SDKROOT</key>
				<string>iphoneos</string>
				<key>TARGETED_DEVICE_FAMILY</key>
				<string>1,2</string>
				<key>VALIDATE_PRODUCT</key>
				<string>YES</string>
			</dict>
			<key>isa</key>
			<string>XCBuildConfiguration</string>
			<key>name</key>
			<string>Release</string>
		</dict>
		<key>75BFABCE1D181A6B0001CD57</key>
		<dict>
			<key>buildConfigurations</key>
			<array>
				<string>75BFABCF1D181A6B0001CD57</string>
				<string>75BFABD01D181A6B0001CD57</string>
			</array>
			<key>defaultConfigurationIsVisible</key>
			<string>0</string>
			<key>defaultConfigurationName</key>
			<string>Release</string>
			<key>isa</key>
			<string>XCConfigurationList</string>
		</dict>
		<key>75BFABCF1D181A6B0001CD57</key>
		<dict>
			<key>baseConfigurationReference</key>
			<string>3211F551BD5D394DF9192056</string>
			<key>buildSettings</key>
			<dict>
				<key>ASSETCATALOG_COMPILER_APPICON_NAME</key>
				<string>AppIcon</string>
				<key>CLANG_ENABLE_MODULES</key>
				<string>YES</string>
				<key>CODE_SIGN_IDENTITY</key>
				<string>iPhone Developer</string>
				<key>CODE_SIGN_IDENTITY[sdk=iphoneos*]</key>
				<string>iPhone Developer</string>
				<key>DEVELOPMENT_TEAM</key>
				<string>7S87P72MY4</string>
				<key>FRAMEWORK_SEARCH_PATHS</key>
				<array>
					<string>$(inherited)</string>
					<string>$(PROJECT_DIR)</string>
				</array>
				<key>INFOPLIST_FILE</key>
				<string>CodeSprint/Info.plist</string>
				<key>LD_RUNPATH_SEARCH_PATHS</key>
				<string>$(inherited) @executable_path/Frameworks</string>
				<key>PRODUCT_BUNDLE_IDENTIFIER</key>
				<string>com.vincent-chau.codesprint</string>
				<key>PRODUCT_NAME</key>
				<string>$(TARGET_NAME)</string>
				<key>PROVISIONING_PROFILE</key>
				<string>5f1d0043-3f2e-4072-9d6b-77fcbb3048b0</string>
				<key>SDKROOT</key>
				<string>iphoneos9.3</string>
				<key>SWIFT_OBJC_BRIDGING_HEADER</key>
				<string>CodeSprint/CodeSprint-Bridging-Header.h</string>
				<key>SWIFT_OPTIMIZATION_LEVEL</key>
				<string>-Onone</string>
				<key>TARGETED_DEVICE_FAMILY</key>
				<string>1</string>
			</dict>
			<key>isa</key>
			<string>XCBuildConfiguration</string>
			<key>name</key>
			<string>Debug</string>
		</dict>
		<key>75BFABD01D181A6B0001CD57</key>
		<dict>
			<key>baseConfigurationReference</key>
			<string>A24BF0BC3A0D7F39014C4C32</string>
			<key>buildSettings</key>
			<dict>
				<key>ASSETCATALOG_COMPILER_APPICON_NAME</key>
				<string>AppIcon</string>
				<key>CLANG_ENABLE_MODULES</key>
				<string>YES</string>
				<key>CODE_SIGN_IDENTITY</key>
				<string>iPhone Distribution: Vincent Chau (7S87P72MY4)</string>
				<key>CODE_SIGN_IDENTITY[sdk=iphoneos*]</key>
				<string>iPhone Distribution: Vincent Chau (7S87P72MY4)</string>
				<key>DEVELOPMENT_TEAM</key>
				<string>7S87P72MY4</string>
				<key>FRAMEWORK_SEARCH_PATHS</key>
				<array>
					<string>$(inherited)</string>
					<string>$(PROJECT_DIR)</string>
				</array>
				<key>INFOPLIST_FILE</key>
				<string>CodeSprint/Info.plist</string>
				<key>LD_RUNPATH_SEARCH_PATHS</key>
				<string>$(inherited) @executable_path/Frameworks</string>
				<key>PRODUCT_BUNDLE_IDENTIFIER</key>
				<string>com.vincent-chau.codesprint</string>
				<key>PRODUCT_NAME</key>
				<string>$(TARGET_NAME)</string>
				<key>PROVISIONING_PROFILE</key>
				<string>5f1d0043-3f2e-4072-9d6b-77fcbb3048b0</string>
				<key>SDKROOT</key>
				<string>iphoneos9.3</string>
				<key>SWIFT_OBJC_BRIDGING_HEADER</key>
				<string>CodeSprint/CodeSprint-Bridging-Header.h</string>
				<key>TARGETED_DEVICE_FAMILY</key>
				<string>1</string>
			</dict>
			<key>isa</key>
			<string>XCBuildConfiguration</string>
			<key>name</key>
			<string>Release</string>
		</dict>
		<key>75BFABD11D181B570001CD57</key>
		<dict>
			<key>children</key>
			<array>
				<string>75BFABBA1D181A6B0001CD57</string>
				<string>75BFABBB1D181A6B0001CD57</string>
				<string>75BFABC01D181A6B0001CD57</string>
				<string>75BFABC81D181A6B0001CD57</string>
				<string>75BFABCB1D181A6B0001CD57</string>
				<string>754FF8951D1D2CD2004ABD43</string>
				<string>754FF8961D1D2CD2004ABD43</string>
			</array>
			<key>isa</key>
			<string>PBXGroup</string>
			<key>name</key>
			<string>App Global</string>
			<key>sourceTree</key>
			<string>&lt;group&gt;</string>
		</dict>
		<key>75C14F131D18213600CAE375</key>
		<dict>
			<key>fileEncoding</key>
			<string>4</string>
			<key>isa</key>
			<string>PBXFileReference</string>
			<key>lastKnownFileType</key>
			<string>sourcecode.c.h</string>
			<key>path</key>
			<string>LoginViewController.h</string>
			<key>sourceTree</key>
			<string>&lt;group&gt;</string>
		</dict>
		<key>75C14F141D18213600CAE375</key>
		<dict>
			<key>fileEncoding</key>
			<string>4</string>
			<key>isa</key>
			<string>PBXFileReference</string>
			<key>lastKnownFileType</key>
			<string>sourcecode.c.objc</string>
			<key>path</key>
			<string>LoginViewController.m</string>
			<key>sourceTree</key>
			<string>&lt;group&gt;</string>
		</dict>
		<key>75C14F151D18213600CAE375</key>
		<dict>
			<key>fileRef</key>
			<string>75C14F141D18213600CAE375</string>
			<key>isa</key>
			<string>PBXBuildFile</string>
		</dict>
		<key>75C14F161D18214800CAE375</key>
		<dict>
			<key>children</key>
			<array>
				<string>754FF8861D1BA143004ABD43</string>
				<string>754FF8871D1BA143004ABD43</string>
				<string>754FF8891D1BA183004ABD43</string>
				<string>754FF88A1D1BA183004ABD43</string>
				<string>75C14F131D18213600CAE375</string>
				<string>75C14F141D18213600CAE375</string>
				<string>758454ED1D255506001C36EF</string>
				<string>758454EE1D255506001C36EF</string>
				<string>752C07621D30797C00E8712D</string>
				<string>752C07631D30797C00E8712D</string>
				<string>752C07681D35B60100E8712D</string>
				<string>752C07691D35B60100E8712D</string>
				<string>7588AF061D3845CB00F6E1E9</string>
				<string>7588AF071D3845CB00F6E1E9</string>
				<string>75C896F01D43635C00B9062F</string>
				<string>75C896F11D43635C00B9062F</string>
				<string>75BEA1B11D4B3DCC00F4F4D9</string>
				<string>75BEA1B21D4B3DCC00F4F4D9</string>
				<string>755637951D5098CD00A136FF</string>
				<string>755637961D5098CD00A136FF</string>
				<string>75843BF31D546A9400D6777F</string>
				<string>75843BF41D546A9400D6777F</string>
				<string>75843BF61D547F9C00D6777F</string>
				<string>75843BF71D547F9C00D6777F</string>
				<string>75F97B161D5A877B00A8633F</string>
				<string>75F97B171D5A877B00A8633F</string>
				<string>75AF0EFF1D62879D00B60FC4</string>
				<string>75AF0F001D62879D00B60FC4</string>
				<string>75E3AA571D668786009A7866</string>
				<string>75E3AA581D668786009A7866</string>
				<string>75E3AA541D6680A8009A7866</string>
				<string>75E3AA551D6680A8009A7866</string>
				<string>75F0F30A1D6E3A72000547DC</string>
				<string>75F0F30B1D6E3A72000547DC</string>
				<string>75F0F30D1D6E3A83000547DC</string>
				<string>75F0F30E1D6E3A83000547DC</string>
			</array>
			<key>isa</key>
			<string>PBXGroup</string>
			<key>name</key>
			<string>Controllers</string>
			<key>sourceTree</key>
			<string>&lt;group&gt;</string>
		</dict>
		<key>75C896F01D43635C00B9062F</key>
		<dict>
			<key>fileEncoding</key>
			<string>4</string>
			<key>isa</key>
			<string>PBXFileReference</string>
			<key>lastKnownFileType</key>
			<string>sourcecode.c.h</string>
			<key>path</key>
			<string>CreateDisplayNameViewController.h</string>
			<key>sourceTree</key>
			<string>&lt;group&gt;</string>
		</dict>
		<key>75C896F11D43635C00B9062F</key>
		<dict>
			<key>fileEncoding</key>
			<string>4</string>
			<key>isa</key>
			<string>PBXFileReference</string>
			<key>lastKnownFileType</key>
			<string>sourcecode.c.objc</string>
			<key>path</key>
			<string>CreateDisplayNameViewController.m</string>
			<key>sourceTree</key>
			<string>&lt;group&gt;</string>
		</dict>
		<key>75C896F21D43635C00B9062F</key>
		<dict>
			<key>fileRef</key>
			<string>75C896F11D43635C00B9062F</string>
			<key>isa</key>
			<string>PBXBuildFile</string>
		</dict>
		<key>75C896F31D45A41500B9062F</key>
		<dict>
			<key>fileEncoding</key>
			<string>4</string>
			<key>isa</key>
			<string>PBXFileReference</string>
			<key>lastKnownFileType</key>
			<string>sourcecode.c.h</string>
			<key>path</key>
			<string>ErrorCheckUtil.h</string>
			<key>sourceTree</key>
			<string>&lt;group&gt;</string>
		</dict>
		<key>75C896F41D45A41500B9062F</key>
		<dict>
			<key>fileEncoding</key>
			<string>4</string>
			<key>isa</key>
			<string>PBXFileReference</string>
			<key>lastKnownFileType</key>
			<string>sourcecode.c.objc</string>
			<key>path</key>
			<string>ErrorCheckUtil.m</string>
			<key>sourceTree</key>
			<string>&lt;group&gt;</string>
		</dict>
		<key>75C896F51D45A41500B9062F</key>
		<dict>
			<key>fileRef</key>
			<string>75C896F41D45A41500B9062F</string>
			<key>isa</key>
			<string>PBXBuildFile</string>
		</dict>
		<key>75E3AA541D6680A8009A7866</key>
		<dict>
			<key>fileEncoding</key>
			<string>4</string>
			<key>isa</key>
			<string>PBXFileReference</string>
			<key>lastKnownFileType</key>
			<string>sourcecode.c.h</string>
			<key>path</key>
			<string>GroupChatViewController.h</string>
			<key>sourceTree</key>
			<string>&lt;group&gt;</string>
		</dict>
		<key>75E3AA551D6680A8009A7866</key>
		<dict>
			<key>fileEncoding</key>
			<string>4</string>
			<key>isa</key>
			<string>PBXFileReference</string>
			<key>lastKnownFileType</key>
			<string>sourcecode.c.objc</string>
			<key>path</key>
			<string>GroupChatViewController.m</string>
			<key>sourceTree</key>
			<string>&lt;group&gt;</string>
		</dict>
		<key>75E3AA561D6680A8009A7866</key>
		<dict>
			<key>fileRef</key>
			<string>75E3AA551D6680A8009A7866</string>
			<key>isa</key>
			<string>PBXBuildFile</string>
		</dict>
		<key>75E3AA571D668786009A7866</key>
		<dict>
			<key>fileEncoding</key>
			<string>4</string>
			<key>isa</key>
			<string>PBXFileReference</string>
			<key>lastKnownFileType</key>
			<string>sourcecode.c.h</string>
			<key>path</key>
			<string>ChatroomsTableViewController.h</string>
			<key>sourceTree</key>
			<string>&lt;group&gt;</string>
		</dict>
		<key>75E3AA581D668786009A7866</key>
		<dict>
			<key>fileEncoding</key>
			<string>4</string>
			<key>isa</key>
			<string>PBXFileReference</string>
			<key>lastKnownFileType</key>
			<string>sourcecode.c.objc</string>
			<key>path</key>
			<string>ChatroomsTableViewController.m</string>
			<key>sourceTree</key>
			<string>&lt;group&gt;</string>
		</dict>
		<key>75E3AA591D668786009A7866</key>
		<dict>
			<key>fileRef</key>
			<string>75E3AA581D668786009A7866</string>
			<key>isa</key>
			<string>PBXBuildFile</string>
		</dict>
		<key>75E3AA5A1D6843C1009A7866</key>
		<dict>
			<key>fileEncoding</key>
			<string>4</string>
			<key>isa</key>
			<string>PBXFileReference</string>
			<key>lastKnownFileType</key>
			<string>sourcecode.c.h</string>
			<key>path</key>
			<string>Chatroom.h</string>
			<key>sourceTree</key>
			<string>&lt;group&gt;</string>
		</dict>
		<key>75E3AA5B1D6843C1009A7866</key>
		<dict>
			<key>fileEncoding</key>
			<string>4</string>
			<key>isa</key>
			<string>PBXFileReference</string>
			<key>lastKnownFileType</key>
			<string>sourcecode.c.objc</string>
			<key>path</key>
			<string>Chatroom.m</string>
			<key>sourceTree</key>
			<string>&lt;group&gt;</string>
		</dict>
		<key>75E3AA5C1D6843C1009A7866</key>
		<dict>
			<key>fileRef</key>
			<string>75E3AA5B1D6843C1009A7866</string>
			<key>isa</key>
			<string>PBXBuildFile</string>
		</dict>
		<key>75E3AA5D1D68483B009A7866</key>
		<dict>
			<key>fileEncoding</key>
			<string>4</string>
			<key>isa</key>
			<string>PBXFileReference</string>
			<key>lastKnownFileType</key>
			<string>sourcecode.c.h</string>
			<key>path</key>
			<string>ChatroomMessage.h</string>
			<key>sourceTree</key>
			<string>&lt;group&gt;</string>
		</dict>
		<key>75E3AA5E1D68483B009A7866</key>
		<dict>
			<key>fileEncoding</key>
			<string>4</string>
			<key>isa</key>
			<string>PBXFileReference</string>
			<key>lastKnownFileType</key>
			<string>sourcecode.c.objc</string>
			<key>path</key>
			<string>ChatroomMessage.m</string>
			<key>sourceTree</key>
			<string>&lt;group&gt;</string>
		</dict>
		<key>75E3AA5F1D68483B009A7866</key>
		<dict>
			<key>fileRef</key>
			<string>75E3AA5E1D68483B009A7866</string>
			<key>isa</key>
			<string>PBXBuildFile</string>
		</dict>
		<key>75E3AA601D6C5EAB009A7866</key>
		<dict>
			<key>fileEncoding</key>
			<string>4</string>
			<key>isa</key>
			<string>PBXFileReference</string>
			<key>lastKnownFileType</key>
			<string>sourcecode.c.h</string>
			<key>path</key>
			<string>AvatarModel.h</string>
			<key>sourceTree</key>
			<string>&lt;group&gt;</string>
		</dict>
		<key>75E3AA611D6C5EAB009A7866</key>
		<dict>
			<key>fileEncoding</key>
			<string>4</string>
			<key>isa</key>
			<string>PBXFileReference</string>
			<key>lastKnownFileType</key>
			<string>sourcecode.c.objc</string>
			<key>path</key>
			<string>AvatarModel.m</string>
			<key>sourceTree</key>
			<string>&lt;group&gt;</string>
		</dict>
		<key>75E3AA621D6C5EAB009A7866</key>
		<dict>
			<key>fileRef</key>
			<string>75E3AA611D6C5EAB009A7866</string>
			<key>isa</key>
			<string>PBXBuildFile</string>
		</dict>
		<key>75E94BE71D51844600F859FD</key>
		<dict>
			<key>fileEncoding</key>
			<string>4</string>
			<key>isa</key>
			<string>PBXFileReference</string>
			<key>lastKnownFileType</key>
			<string>sourcecode.c.h</string>
			<key>path</key>
			<string>ArtifactsTableViewCell.h</string>
			<key>sourceTree</key>
			<string>&lt;group&gt;</string>
		</dict>
		<key>75E94BE81D51844600F859FD</key>
		<dict>
			<key>fileEncoding</key>
			<string>4</string>
			<key>isa</key>
			<string>PBXFileReference</string>
			<key>lastKnownFileType</key>
			<string>sourcecode.c.objc</string>
			<key>path</key>
			<string>ArtifactsTableViewCell.m</string>
			<key>sourceTree</key>
			<string>&lt;group&gt;</string>
		</dict>
		<key>75E94BE91D51844600F859FD</key>
		<dict>
			<key>fileRef</key>
			<string>75E94BE81D51844600F859FD</string>
			<key>isa</key>
			<string>PBXBuildFile</string>
		</dict>
		<key>75F0F30A1D6E3A72000547DC</key>
		<dict>
			<key>fileEncoding</key>
			<string>4</string>
			<key>isa</key>
			<string>PBXFileReference</string>
			<key>lastKnownFileType</key>
			<string>sourcecode.c.h</string>
			<key>path</key>
			<string>EditProfileViewController.h</string>
			<key>sourceTree</key>
			<string>&lt;group&gt;</string>
		</dict>
		<key>75F0F30B1D6E3A72000547DC</key>
		<dict>
			<key>fileEncoding</key>
			<string>4</string>
			<key>isa</key>
			<string>PBXFileReference</string>
			<key>lastKnownFileType</key>
			<string>sourcecode.c.objc</string>
			<key>path</key>
			<string>EditProfileViewController.m</string>
			<key>sourceTree</key>
			<string>&lt;group&gt;</string>
		</dict>
		<key>75F0F30C1D6E3A72000547DC</key>
		<dict>
			<key>fileRef</key>
			<string>75F0F30B1D6E3A72000547DC</string>
			<key>isa</key>
			<string>PBXBuildFile</string>
		</dict>
		<key>75F0F30D1D6E3A83000547DC</key>
		<dict>
			<key>fileEncoding</key>
			<string>4</string>
			<key>isa</key>
			<string>PBXFileReference</string>
			<key>lastKnownFileType</key>
			<string>sourcecode.c.h</string>
			<key>path</key>
			<string>SettingsViewController.h</string>
			<key>sourceTree</key>
			<string>&lt;group&gt;</string>
		</dict>
		<key>75F0F30E1D6E3A83000547DC</key>
		<dict>
			<key>fileEncoding</key>
			<string>4</string>
			<key>isa</key>
			<string>PBXFileReference</string>
			<key>lastKnownFileType</key>
			<string>sourcecode.c.objc</string>
			<key>path</key>
			<string>SettingsViewController.m</string>
			<key>sourceTree</key>
			<string>&lt;group&gt;</string>
		</dict>
		<key>75F0F30F1D6E3A83000547DC</key>
		<dict>
			<key>fileRef</key>
			<string>75F0F30E1D6E3A83000547DC</string>
			<key>isa</key>
			<string>PBXBuildFile</string>
		</dict>
		<key>75F97B161D5A877B00A8633F</key>
		<dict>
			<key>fileEncoding</key>
			<string>4</string>
			<key>isa</key>
			<string>PBXFileReference</string>
			<key>lastKnownFileType</key>
			<string>sourcecode.c.h</string>
			<key>path</key>
			<string>PopupSettingsViewController.h</string>
			<key>sourceTree</key>
			<string>&lt;group&gt;</string>
		</dict>
		<key>75F97B171D5A877B00A8633F</key>
		<dict>
			<key>fileEncoding</key>
			<string>4</string>
			<key>isa</key>
			<string>PBXFileReference</string>
			<key>lastKnownFileType</key>
			<string>sourcecode.c.objc</string>
			<key>path</key>
			<string>PopupSettingsViewController.m</string>
			<key>sourceTree</key>
			<string>&lt;group&gt;</string>
		</dict>
		<key>75F97B181D5A877B00A8633F</key>
		<dict>
			<key>fileRef</key>
			<string>75F97B171D5A877B00A8633F</string>
			<key>isa</key>
			<string>PBXBuildFile</string>
		</dict>
		<key>7741487F04BA5A37602E6C5D</key>
		<dict>
			<key>children</key>
			<array>
				<string>C6C6AA8BF9125DCD6394F11B</string>
			</array>
			<key>isa</key>
			<string>PBXGroup</string>
			<key>name</key>
			<string>Frameworks</string>
			<key>sourceTree</key>
			<string>&lt;group&gt;</string>
		</dict>
		<key>A1137C1E6815F8B9B4AFFA5D</key>
		<dict>
			<key>fileRef</key>
			<string>C6C6AA8BF9125DCD6394F11B</string>
			<key>isa</key>
			<string>PBXBuildFile</string>
		</dict>
		<key>A24BF0BC3A0D7F39014C4C32</key>
		<dict>
			<key>includeInIndex</key>
			<string>1</string>
			<key>isa</key>
			<string>PBXFileReference</string>
			<key>lastKnownFileType</key>
			<string>text.xcconfig</string>
			<key>name</key>
			<string>Pods-CodeSprint.release.xcconfig</string>
			<key>path</key>
			<string>Pods/Target Support Files/Pods-CodeSprint/Pods-CodeSprint.release.xcconfig</string>
			<key>sourceTree</key>
			<string>&lt;group&gt;</string>
		</dict>
		<key>A8CB791E40DC6FEE72D2C60F</key>
		<dict>
			<key>buildActionMask</key>
			<string>2147483647</string>
			<key>files</key>
			<array/>
			<key>inputPaths</key>
			<array/>
			<key>isa</key>
			<string>PBXShellScriptBuildPhase</string>
			<key>name</key>
			<string>Check Pods Manifest.lock</string>
			<key>outputPaths</key>
			<array/>
			<key>runOnlyForDeploymentPostprocessing</key>
			<string>0</string>
			<key>shellPath</key>
			<string>/bin/sh</string>
			<key>shellScript</key>
			<string>diff "${PODS_ROOT}/../Podfile.lock" "${PODS_ROOT}/Manifest.lock" &gt; /dev/null
if [[ $? != 0 ]] ; then
    cat &lt;&lt; EOM
error: The sandbox is not in sync with the Podfile.lock. Run 'pod install' or update your CocoaPods installation.
EOM
    exit 1
fi
</string>
			<key>showEnvVarsInLog</key>
			<string>0</string>
		</dict>
		<key>C6C6AA8BF9125DCD6394F11B</key>
		<dict>
			<key>explicitFileType</key>
			<string>archive.ar</string>
			<key>includeInIndex</key>
			<string>0</string>
			<key>isa</key>
			<string>PBXFileReference</string>
			<key>path</key>
			<string>libPods-CodeSprint.a</string>
			<key>sourceTree</key>
			<string>BUILT_PRODUCTS_DIR</string>
		</dict>
		<key>DB8673E7251BCB6D1380A656</key>
		<dict>
			<key>buildActionMask</key>
			<string>2147483647</string>
			<key>files</key>
			<array/>
			<key>inputPaths</key>
			<array/>
			<key>isa</key>
			<string>PBXShellScriptBuildPhase</string>
			<key>name</key>
			<string>Embed Pods Frameworks</string>
			<key>outputPaths</key>
			<array/>
			<key>runOnlyForDeploymentPostprocessing</key>
			<string>0</string>
			<key>shellPath</key>
			<string>/bin/sh</string>
			<key>shellScript</key>
			<string>"${SRCROOT}/Pods/Target Support Files/Pods-CodeSprint/Pods-CodeSprint-frameworks.sh"
</string>
			<key>showEnvVarsInLog</key>
			<string>0</string>
		</dict>
		<key>DFB19527B46178E75C86233C</key>
		<dict>
			<key>children</key>
			<array>
				<string>3211F551BD5D394DF9192056</string>
				<string>A24BF0BC3A0D7F39014C4C32</string>
			</array>
			<key>isa</key>
			<string>PBXGroup</string>
			<key>name</key>
			<string>Pods</string>
			<key>sourceTree</key>
			<string>&lt;group&gt;</string>
		</dict>
		<key>OBJCLEANCUSTOMRUNSCRIPTT</key>
		<dict>
			<key>buildActionMask</key>
			<string>2147483647</string>
			<key>files</key>
			<array/>
			<key>inputPaths</key>
			<array/>
			<key>isa</key>
			<string>PBXShellScriptBuildPhase</string>
			<key>name</key>
			<string>Objective-Clean Run Script</string>
			<key>outputPaths</key>
			<array/>
			<key>runOnlyForDeploymentPostprocessing</key>
			<integer>0</integer>
			<key>shellPath</key>
			<string>/bin/bash</string>
			<key>shellScript</key>
			<string>if [[ -z ${SKIP_OBJCLEAN} || ${SKIP_OBJCLEAN} != 1 ]]; then
if [[ -d "${LOCAL_APPS_DIR}/Objective-Clean.app" ]]; then 
"${LOCAL_APPS_DIR}"/Objective-Clean.app/Contents/Resources/ObjClean.app/Contents/MacOS/ObjClean "${SRCROOT}" 
else
echo "warning: You have to install and set up Objective-Clean to use its features!" 
fi
fi</string>
		</dict>
	</dict>
	<key>rootObject</key>
	<string>75BFABAC1D181A6B0001CD57</string>
</dict>
</plist>
