// !$*UTF8*$!
{
	archiveVersion = 1;
	classes = {
	};
	objectVersion = 46;
	objects = {

/* Begin PBXBuildFile section */
		75180A901D3C878B00B20A0A /* Task.m in Sources */ = {isa = PBXBuildFile; fileRef = 75180A8F1D3C878B00B20A0A /* Task.m */; };
		751A755E1D183E9300923F61 /* FirebaseManager.m in Sources */ = {isa = PBXBuildFile; fileRef = 751A755D1D183E9300923F61 /* FirebaseManager.m */; };
		752C07641D30797C00E8712D /* SprintMenuViewController.m in Sources */ = {isa = PBXBuildFile; fileRef = 752C07631D30797C00E8712D /* SprintMenuViewController.m */; };
		752C07671D30F52B00E8712D /* CircleBorderedButton.m in Sources */ = {isa = PBXBuildFile; fileRef = 752C07661D30F52B00E8712D /* CircleBorderedButton.m */; };
		752C076A1D35B60100E8712D /* CreateTeamViewController.m in Sources */ = {isa = PBXBuildFile; fileRef = 752C07691D35B60100E8712D /* CreateTeamViewController.m */; };
		754FF8881D1BA143004ABD43 /* HomeViewController.m in Sources */ = {isa = PBXBuildFile; fileRef = 754FF8871D1BA143004ABD43 /* HomeViewController.m */; };
		754FF88B1D1BA183004ABD43 /* IntroductionViewController.m in Sources */ = {isa = PBXBuildFile; fileRef = 754FF88A1D1BA183004ABD43 /* IntroductionViewController.m */; };
		754FF8911D1D04F2004ABD43 /* CircleImageView.m in Sources */ = {isa = PBXBuildFile; fileRef = 754FF8901D1D04F2004ABD43 /* CircleImageView.m */; };
		754FF8941D1D281A004ABD43 /* ShadowView.m in Sources */ = {isa = PBXBuildFile; fileRef = 754FF8931D1D281A004ABD43 /* ShadowView.m */; };
		754FF8971D1D2CD2004ABD43 /* Constants.m in Sources */ = {isa = PBXBuildFile; fileRef = 754FF8961D1D2CD2004ABD43 /* Constants.m */; };
		755B76251D23E0E600B211CF /* SettingsTableViewCell.m in Sources */ = {isa = PBXBuildFile; fileRef = 755B76241D23E0E600B211CF /* SettingsTableViewCell.m */; };
		755B76281D24158700B211CF /* Sprint.m in Sources */ = {isa = PBXBuildFile; fileRef = 755B76271D24158700B211CF /* Sprint.m */; };
		755B762B1D2415CE00B211CF /* Team.m in Sources */ = {isa = PBXBuildFile; fileRef = 755B762A1D2415CE00B211CF /* Team.m */; };
		758454EF1D255506001C36EF /* PageContentViewController.m in Sources */ = {isa = PBXBuildFile; fileRef = 758454EE1D255506001C36EF /* PageContentViewController.m */; };
		7588AF021D37063A00F6E1E9 /* CustomTextField.m in Sources */ = {isa = PBXBuildFile; fileRef = 7588AF011D37063A00F6E1E9 /* CustomTextField.m */; };
		7588AF051D37066B00F6E1E9 /* ImageStyleButton.m in Sources */ = {isa = PBXBuildFile; fileRef = 7588AF041D37066B00F6E1E9 /* ImageStyleButton.m */; };
		7588AF081D3845CB00F6E1E9 /* SearchTeamViewController.m in Sources */ = {isa = PBXBuildFile; fileRef = 7588AF071D3845CB00F6E1E9 /* SearchTeamViewController.m */; };
		759918981D1D981F00E38268 /* ShadowImageView.m in Sources */ = {isa = PBXBuildFile; fileRef = 759918971D1D981F00E38268 /* ShadowImageView.m */; };
		7599189C1D1E2AF600E38268 /* AnimationGenerator.m in Sources */ = {isa = PBXBuildFile; fileRef = 7599189B1D1E2AF600E38268 /* AnimationGenerator.m */; };
		75BFABB91D181A6B0001CD57 /* main.m in Sources */ = {isa = PBXBuildFile; fileRef = 75BFABB81D181A6B0001CD57 /* main.m */; };
		75BFABBC1D181A6B0001CD57 /* AppDelegate.m in Sources */ = {isa = PBXBuildFile; fileRef = 75BFABBB1D181A6B0001CD57 /* AppDelegate.m */; };
		75BFABC21D181A6B0001CD57 /* Main.storyboard in Resources */ = {isa = PBXBuildFile; fileRef = 75BFABC01D181A6B0001CD57 /* Main.storyboard */; };
		75BFABC51D181A6B0001CD57 /* CodeSprint.xcdatamodeld in Sources */ = {isa = PBXBuildFile; fileRef = 75BFABC31D181A6B0001CD57 /* CodeSprint.xcdatamodeld */; };
		75BFABC71D181A6B0001CD57 /* Assets.xcassets in Resources */ = {isa = PBXBuildFile; fileRef = 75BFABC61D181A6B0001CD57 /* Assets.xcassets */; };
		75BFABCA1D181A6B0001CD57 /* LaunchScreen.storyboard in Resources */ = {isa = PBXBuildFile; fileRef = 75BFABC81D181A6B0001CD57 /* LaunchScreen.storyboard */; };
		75BFABD31D181C500001CD57 /* GoogleService-Info.plist in Resources */ = {isa = PBXBuildFile; fileRef = 75BFABD21D181C500001CD57 /* GoogleService-Info.plist */; };
		75C14F151D18213600CAE375 /* LoginViewController.m in Sources */ = {isa = PBXBuildFile; fileRef = 75C14F141D18213600CAE375 /* LoginViewController.m */; };
		75C14F191D182B1400CAE375 /* FBSDKCoreKit.framework in Frameworks */ = {isa = PBXBuildFile; fileRef = 75C14F171D182B1400CAE375 /* FBSDKCoreKit.framework */; };
		75C14F1A1D182B1400CAE375 /* FBSDKLoginKit.framework in Frameworks */ = {isa = PBXBuildFile; fileRef = 75C14F181D182B1400CAE375 /* FBSDKLoginKit.framework */; };
		75C14F1C1D182B1D00CAE375 /* FBSDKShareKit.framework in Frameworks */ = {isa = PBXBuildFile; fileRef = 75C14F1B1D182B1D00CAE375 /* FBSDKShareKit.framework */; };
		A1137C1E6815F8B9B4AFFA5D /* libPods-CodeSprint.a in Frameworks */ = {isa = PBXBuildFile; fileRef = C6C6AA8BF9125DCD6394F11B /* libPods-CodeSprint.a */; };
/* End PBXBuildFile section */

/* Begin PBXFileReference section */
		3211F551BD5D394DF9192056 /* Pods-CodeSprint.debug.xcconfig */ = {isa = PBXFileReference; includeInIndex = 1; lastKnownFileType = text.xcconfig; name = "Pods-CodeSprint.debug.xcconfig"; path = "Pods/Target Support Files/Pods-CodeSprint/Pods-CodeSprint.debug.xcconfig"; sourceTree = "<group>"; };
		75180A8E1D3C878B00B20A0A /* Task.h */ = {isa = PBXFileReference; fileEncoding = 4; lastKnownFileType = sourcecode.c.h; path = Task.h; sourceTree = "<group>"; };
		75180A8F1D3C878B00B20A0A /* Task.m */ = {isa = PBXFileReference; fileEncoding = 4; lastKnownFileType = sourcecode.c.objc; path = Task.m; sourceTree = "<group>"; };
		751A755C1D183E9300923F61 /* FirebaseManager.h */ = {isa = PBXFileReference; fileEncoding = 4; lastKnownFileType = sourcecode.c.h; path = FirebaseManager.h; sourceTree = "<group>"; };
		751A755D1D183E9300923F61 /* FirebaseManager.m */ = {isa = PBXFileReference; fileEncoding = 4; lastKnownFileType = sourcecode.c.objc; path = FirebaseManager.m; sourceTree = "<group>"; };
		752C07621D30797C00E8712D /* SprintMenuViewController.h */ = {isa = PBXFileReference; fileEncoding = 4; lastKnownFileType = sourcecode.c.h; path = SprintMenuViewController.h; sourceTree = "<group>"; };
		752C07631D30797C00E8712D /* SprintMenuViewController.m */ = {isa = PBXFileReference; fileEncoding = 4; lastKnownFileType = sourcecode.c.objc; path = SprintMenuViewController.m; sourceTree = "<group>"; };
		752C07651D30F52B00E8712D /* CircleBorderedButton.h */ = {isa = PBXFileReference; fileEncoding = 4; lastKnownFileType = sourcecode.c.h; path = CircleBorderedButton.h; sourceTree = "<group>"; };
		752C07661D30F52B00E8712D /* CircleBorderedButton.m */ = {isa = PBXFileReference; fileEncoding = 4; lastKnownFileType = sourcecode.c.objc; path = CircleBorderedButton.m; sourceTree = "<group>"; };
		752C07681D35B60100E8712D /* CreateTeamViewController.h */ = {isa = PBXFileReference; fileEncoding = 4; lastKnownFileType = sourcecode.c.h; path = CreateTeamViewController.h; sourceTree = "<group>"; };
		752C07691D35B60100E8712D /* CreateTeamViewController.m */ = {isa = PBXFileReference; fileEncoding = 4; lastKnownFileType = sourcecode.c.objc; path = CreateTeamViewController.m; sourceTree = "<group>"; };
		754FF8861D1BA143004ABD43 /* HomeViewController.h */ = {isa = PBXFileReference; fileEncoding = 4; lastKnownFileType = sourcecode.c.h; path = HomeViewController.h; sourceTree = "<group>"; };
		754FF8871D1BA143004ABD43 /* HomeViewController.m */ = {isa = PBXFileReference; fileEncoding = 4; lastKnownFileType = sourcecode.c.objc; path = HomeViewController.m; sourceTree = "<group>"; };
		754FF8891D1BA183004ABD43 /* IntroductionViewController.h */ = {isa = PBXFileReference; fileEncoding = 4; lastKnownFileType = sourcecode.c.h; path = IntroductionViewController.h; sourceTree = "<group>"; };
		754FF88A1D1BA183004ABD43 /* IntroductionViewController.m */ = {isa = PBXFileReference; fileEncoding = 4; lastKnownFileType = sourcecode.c.objc; path = IntroductionViewController.m; sourceTree = "<group>"; };
		754FF88F1D1D04F2004ABD43 /* CircleImageView.h */ = {isa = PBXFileReference; fileEncoding = 4; lastKnownFileType = sourcecode.c.h; path = CircleImageView.h; sourceTree = "<group>"; };
		754FF8901D1D04F2004ABD43 /* CircleImageView.m */ = {isa = PBXFileReference; fileEncoding = 4; lastKnownFileType = sourcecode.c.objc; path = CircleImageView.m; sourceTree = "<group>"; };
		754FF8921D1D281A004ABD43 /* ShadowView.h */ = {isa = PBXFileReference; fileEncoding = 4; lastKnownFileType = sourcecode.c.h; path = ShadowView.h; sourceTree = "<group>"; };
		754FF8931D1D281A004ABD43 /* ShadowView.m */ = {isa = PBXFileReference; fileEncoding = 4; lastKnownFileType = sourcecode.c.objc; path = ShadowView.m; sourceTree = "<group>"; };
		754FF8951D1D2CD2004ABD43 /* Constants.h */ = {isa = PBXFileReference; fileEncoding = 4; lastKnownFileType = sourcecode.c.h; path = Constants.h; sourceTree = "<group>"; };
		754FF8961D1D2CD2004ABD43 /* Constants.m */ = {isa = PBXFileReference; fileEncoding = 4; lastKnownFileType = sourcecode.c.objc; path = Constants.m; sourceTree = "<group>"; };
		755B76231D23E0E600B211CF /* SettingsTableViewCell.h */ = {isa = PBXFileReference; fileEncoding = 4; lastKnownFileType = sourcecode.c.h; path = SettingsTableViewCell.h; sourceTree = "<group>"; };
		755B76241D23E0E600B211CF /* SettingsTableViewCell.m */ = {isa = PBXFileReference; fileEncoding = 4; lastKnownFileType = sourcecode.c.objc; path = SettingsTableViewCell.m; sourceTree = "<group>"; };
		755B76261D24158700B211CF /* Sprint.h */ = {isa = PBXFileReference; fileEncoding = 4; lastKnownFileType = sourcecode.c.h; path = Sprint.h; sourceTree = "<group>"; };
		755B76271D24158700B211CF /* Sprint.m */ = {isa = PBXFileReference; fileEncoding = 4; lastKnownFileType = sourcecode.c.objc; path = Sprint.m; sourceTree = "<group>"; };
		755B76291D2415CE00B211CF /* Team.h */ = {isa = PBXFileReference; fileEncoding = 4; lastKnownFileType = sourcecode.c.h; path = Team.h; sourceTree = "<group>"; };
		755B762A1D2415CE00B211CF /* Team.m */ = {isa = PBXFileReference; fileEncoding = 4; lastKnownFileType = sourcecode.c.objc; path = Team.m; sourceTree = "<group>"; };
		758454ED1D255506001C36EF /* PageContentViewController.h */ = {isa = PBXFileReference; fileEncoding = 4; lastKnownFileType = sourcecode.c.h; path = PageContentViewController.h; sourceTree = "<group>"; };
		758454EE1D255506001C36EF /* PageContentViewController.m */ = {isa = PBXFileReference; fileEncoding = 4; lastKnownFileType = sourcecode.c.objc; path = PageContentViewController.m; sourceTree = "<group>"; };
		7588AF001D37063A00F6E1E9 /* CustomTextField.h */ = {isa = PBXFileReference; fileEncoding = 4; lastKnownFileType = sourcecode.c.h; path = CustomTextField.h; sourceTree = "<group>"; };
		7588AF011D37063A00F6E1E9 /* CustomTextField.m */ = {isa = PBXFileReference; fileEncoding = 4; lastKnownFileType = sourcecode.c.objc; path = CustomTextField.m; sourceTree = "<group>"; };
		7588AF031D37066B00F6E1E9 /* ImageStyleButton.h */ = {isa = PBXFileReference; fileEncoding = 4; lastKnownFileType = sourcecode.c.h; path = ImageStyleButton.h; sourceTree = "<group>"; };
		7588AF041D37066B00F6E1E9 /* ImageStyleButton.m */ = {isa = PBXFileReference; fileEncoding = 4; lastKnownFileType = sourcecode.c.objc; path = ImageStyleButton.m; sourceTree = "<group>"; };
		7588AF061D3845CB00F6E1E9 /* SearchTeamViewController.h */ = {isa = PBXFileReference; fileEncoding = 4; lastKnownFileType = sourcecode.c.h; path = SearchTeamViewController.h; sourceTree = "<group>"; };
		7588AF071D3845CB00F6E1E9 /* SearchTeamViewController.m */ = {isa = PBXFileReference; fileEncoding = 4; lastKnownFileType = sourcecode.c.objc; path = SearchTeamViewController.m; sourceTree = "<group>"; };
		759918961D1D981F00E38268 /* ShadowImageView.h */ = {isa = PBXFileReference; fileEncoding = 4; lastKnownFileType = sourcecode.c.h; path = ShadowImageView.h; sourceTree = "<group>"; };
		759918971D1D981F00E38268 /* ShadowImageView.m */ = {isa = PBXFileReference; fileEncoding = 4; lastKnownFileType = sourcecode.c.objc; path = ShadowImageView.m; sourceTree = "<group>"; };
		7599189A1D1E2AF600E38268 /* AnimationGenerator.h */ = {isa = PBXFileReference; fileEncoding = 4; lastKnownFileType = sourcecode.c.h; path = AnimationGenerator.h; sourceTree = "<group>"; };
		7599189B1D1E2AF600E38268 /* AnimationGenerator.m */ = {isa = PBXFileReference; fileEncoding = 4; lastKnownFileType = sourcecode.c.objc; path = AnimationGenerator.m; sourceTree = "<group>"; };
		75BFABB41D181A6B0001CD57 /* CodeSprint.app */ = {isa = PBXFileReference; explicitFileType = wrapper.application; includeInIndex = 0; path = CodeSprint.app; sourceTree = BUILT_PRODUCTS_DIR; };
		75BFABB81D181A6B0001CD57 /* main.m */ = {isa = PBXFileReference; lastKnownFileType = sourcecode.c.objc; path = main.m; sourceTree = "<group>"; };
		75BFABBA1D181A6B0001CD57 /* AppDelegate.h */ = {isa = PBXFileReference; lastKnownFileType = sourcecode.c.h; path = AppDelegate.h; sourceTree = "<group>"; };
		75BFABBB1D181A6B0001CD57 /* AppDelegate.m */ = {isa = PBXFileReference; lastKnownFileType = sourcecode.c.objc; path = AppDelegate.m; sourceTree = "<group>"; };
		75BFABC11D181A6B0001CD57 /* Base */ = {isa = PBXFileReference; lastKnownFileType = file.storyboard; name = Base; path = Base.lproj/Main.storyboard; sourceTree = "<group>"; };
		75BFABC41D181A6B0001CD57 /* CodeSprint.xcdatamodel */ = {isa = PBXFileReference; lastKnownFileType = wrapper.xcdatamodel; path = CodeSprint.xcdatamodel; sourceTree = "<group>"; };
		75BFABC61D181A6B0001CD57 /* Assets.xcassets */ = {isa = PBXFileReference; lastKnownFileType = folder.assetcatalog; path = Assets.xcassets; sourceTree = "<group>"; };
		75BFABC91D181A6B0001CD57 /* Base */ = {isa = PBXFileReference; lastKnownFileType = file.storyboard; name = Base; path = Base.lproj/LaunchScreen.storyboard; sourceTree = "<group>"; };
		75BFABCB1D181A6B0001CD57 /* Info.plist */ = {isa = PBXFileReference; lastKnownFileType = text.plist.xml; path = Info.plist; sourceTree = "<group>"; };
		75BFABD21D181C500001CD57 /* GoogleService-Info.plist */ = {isa = PBXFileReference; fileEncoding = 4; lastKnownFileType = text.plist.xml; path = "GoogleService-Info.plist"; sourceTree = "<group>"; };
		75C14F131D18213600CAE375 /* LoginViewController.h */ = {isa = PBXFileReference; fileEncoding = 4; lastKnownFileType = sourcecode.c.h; path = LoginViewController.h; sourceTree = "<group>"; };
		75C14F141D18213600CAE375 /* LoginViewController.m */ = {isa = PBXFileReference; fileEncoding = 4; lastKnownFileType = sourcecode.c.objc; path = LoginViewController.m; sourceTree = "<group>"; };
		75C14F171D182B1400CAE375 /* FBSDKCoreKit.framework */ = {isa = PBXFileReference; lastKnownFileType = wrapper.framework; path = FBSDKCoreKit.framework; sourceTree = "<group>"; };
		75C14F181D182B1400CAE375 /* FBSDKLoginKit.framework */ = {isa = PBXFileReference; lastKnownFileType = wrapper.framework; path = FBSDKLoginKit.framework; sourceTree = "<group>"; };
		75C14F1B1D182B1D00CAE375 /* FBSDKShareKit.framework */ = {isa = PBXFileReference; lastKnownFileType = wrapper.framework; path = FBSDKShareKit.framework; sourceTree = "<group>"; };
		A24BF0BC3A0D7F39014C4C32 /* Pods-CodeSprint.release.xcconfig */ = {isa = PBXFileReference; includeInIndex = 1; lastKnownFileType = text.xcconfig; name = "Pods-CodeSprint.release.xcconfig"; path = "Pods/Target Support Files/Pods-CodeSprint/Pods-CodeSprint.release.xcconfig"; sourceTree = "<group>"; };
		C6C6AA8BF9125DCD6394F11B /* libPods-CodeSprint.a */ = {isa = PBXFileReference; explicitFileType = archive.ar; includeInIndex = 0; path = "libPods-CodeSprint.a"; sourceTree = BUILT_PRODUCTS_DIR; };
/* End PBXFileReference section */

/* Begin PBXFrameworksBuildPhase section */
		75BFABB11D181A6B0001CD57 /* Frameworks */ = {
			isa = PBXFrameworksBuildPhase;
			buildActionMask = 2147483647;
			files = (
				75C14F1C1D182B1D00CAE375 /* FBSDKShareKit.framework in Frameworks */,
				A1137C1E6815F8B9B4AFFA5D /* libPods-CodeSprint.a in Frameworks */,
				75C14F191D182B1400CAE375 /* FBSDKCoreKit.framework in Frameworks */,
				75C14F1A1D182B1400CAE375 /* FBSDKLoginKit.framework in Frameworks */,
			);
			runOnlyForDeploymentPostprocessing = 0;
		};
/* End PBXFrameworksBuildPhase section */

/* Begin PBXGroup section */
		751A755B1D183E4E00923F61 /* DataService */ = {
			isa = PBXGroup;
			children = (
				751A755C1D183E9300923F61 /* FirebaseManager.h */,
				751A755D1D183E9300923F61 /* FirebaseManager.m */,
			);
			name = DataService;
			sourceTree = "<group>";
		};
		751A755F1D18A7DD00923F61 /* Model */ = {
			isa = PBXGroup;
			children = (
				755B76261D24158700B211CF /* Sprint.h */,
				755B76271D24158700B211CF /* Sprint.m */,
				755B76291D2415CE00B211CF /* Team.h */,
				755B762A1D2415CE00B211CF /* Team.m */,
				75180A8E1D3C878B00B20A0A /* Task.h */,
				75180A8F1D3C878B00B20A0A /* Task.m */,
			);
			name = Model;
			sourceTree = "<group>";
		};
		751A75601D18A80600923F61 /* View */ = {
			isa = PBXGroup;
			children = (
				754FF88F1D1D04F2004ABD43 /* CircleImageView.h */,
				754FF8901D1D04F2004ABD43 /* CircleImageView.m */,
				754FF8921D1D281A004ABD43 /* ShadowView.h */,
				754FF8931D1D281A004ABD43 /* ShadowView.m */,
				759918961D1D981F00E38268 /* ShadowImageView.h */,
				759918971D1D981F00E38268 /* ShadowImageView.m */,
				755B76231D23E0E600B211CF /* SettingsTableViewCell.h */,
				755B76241D23E0E600B211CF /* SettingsTableViewCell.m */,
				752C07651D30F52B00E8712D /* CircleBorderedButton.h */,
				752C07661D30F52B00E8712D /* CircleBorderedButton.m */,
				7588AF001D37063A00F6E1E9 /* CustomTextField.h */,
				7588AF011D37063A00F6E1E9 /* CustomTextField.m */,
				7588AF031D37066B00F6E1E9 /* ImageStyleButton.h */,
				7588AF041D37066B00F6E1E9 /* ImageStyleButton.m */,
			);
			name = View;
			sourceTree = "<group>";
		};
		759918991D1E2AD100E38268 /* Utilities */ = {
			isa = PBXGroup;
			children = (
				7599189A1D1E2AF600E38268 /* AnimationGenerator.h */,
				7599189B1D1E2AF600E38268 /* AnimationGenerator.m */,
			);
			name = Utilities;
			sourceTree = "<group>";
		};
		75BFABAB1D181A6B0001CD57 = {
			isa = PBXGroup;
			children = (
				75BFABB61D181A6B0001CD57 /* CodeSprint */,
				75BFABB51D181A6B0001CD57 /* Products */,
				DFB19527B46178E75C86233C /* Pods */,
				7741487F04BA5A37602E6C5D /* Frameworks */,
			);
			sourceTree = "<group>";
		};
		75BFABB51D181A6B0001CD57 /* Products */ = {
			isa = PBXGroup;
			children = (
				75BFABB41D181A6B0001CD57 /* CodeSprint.app */,
			);
			name = Products;
			sourceTree = "<group>";
		};
		75BFABB61D181A6B0001CD57 /* CodeSprint */ = {
			isa = PBXGroup;
			children = (
				75BFABD11D181B570001CD57 /* App Global */,
				759918991D1E2AD100E38268 /* Utilities */,
				751A755B1D183E4E00923F61 /* DataService */,
				751A755F1D18A7DD00923F61 /* Model */,
				751A75601D18A80600923F61 /* View */,
				75C14F161D18214800CAE375 /* Controllers */,
				75BFABC61D181A6B0001CD57 /* Assets.xcassets */,
				75BFABC31D181A6B0001CD57 /* CodeSprint.xcdatamodeld */,
				75BFABB71D181A6B0001CD57 /* Supporting Files */,
			);
			path = CodeSprint;
			sourceTree = "<group>";
		};
		75BFABB71D181A6B0001CD57 /* Supporting Files */ = {
			isa = PBXGroup;
			children = (
				75BFABB81D181A6B0001CD57 /* main.m */,
				75BFABD21D181C500001CD57 /* GoogleService-Info.plist */,
			);
			name = "Supporting Files";
			sourceTree = "<group>";
		};
		75BFABD11D181B570001CD57 /* App Global */ = {
			isa = PBXGroup;
			children = (
				75BFABBA1D181A6B0001CD57 /* AppDelegate.h */,
				75BFABBB1D181A6B0001CD57 /* AppDelegate.m */,
				75BFABC01D181A6B0001CD57 /* Main.storyboard */,
				75BFABC81D181A6B0001CD57 /* LaunchScreen.storyboard */,
				75BFABCB1D181A6B0001CD57 /* Info.plist */,
				754FF8951D1D2CD2004ABD43 /* Constants.h */,
				754FF8961D1D2CD2004ABD43 /* Constants.m */,
			);
			name = "App Global";
			sourceTree = "<group>";
		};
		75C14F161D18214800CAE375 /* Controllers */ = {
			isa = PBXGroup;
			children = (
				754FF8861D1BA143004ABD43 /* HomeViewController.h */,
				754FF8871D1BA143004ABD43 /* HomeViewController.m */,
				754FF8891D1BA183004ABD43 /* IntroductionViewController.h */,
				754FF88A1D1BA183004ABD43 /* IntroductionViewController.m */,
				75C14F131D18213600CAE375 /* LoginViewController.h */,
				75C14F141D18213600CAE375 /* LoginViewController.m */,
				758454ED1D255506001C36EF /* PageContentViewController.h */,
				758454EE1D255506001C36EF /* PageContentViewController.m */,
				752C07621D30797C00E8712D /* SprintMenuViewController.h */,
				752C07631D30797C00E8712D /* SprintMenuViewController.m */,
				752C07681D35B60100E8712D /* CreateTeamViewController.h */,
				752C07691D35B60100E8712D /* CreateTeamViewController.m */,
				7588AF061D3845CB00F6E1E9 /* SearchTeamViewController.h */,
				7588AF071D3845CB00F6E1E9 /* SearchTeamViewController.m */,
			);
			name = Controllers;
			sourceTree = "<group>";
		};
		7741487F04BA5A37602E6C5D /* Frameworks */ = {
			isa = PBXGroup;
			children = (
				75C14F1B1D182B1D00CAE375 /* FBSDKShareKit.framework */,
				75C14F171D182B1400CAE375 /* FBSDKCoreKit.framework */,
				75C14F181D182B1400CAE375 /* FBSDKLoginKit.framework */,
				C6C6AA8BF9125DCD6394F11B /* libPods-CodeSprint.a */,
			);
			name = Frameworks;
			sourceTree = "<group>";
		};
		DFB19527B46178E75C86233C /* Pods */ = {
			isa = PBXGroup;
			children = (
				3211F551BD5D394DF9192056 /* Pods-CodeSprint.debug.xcconfig */,
				A24BF0BC3A0D7F39014C4C32 /* Pods-CodeSprint.release.xcconfig */,
			);
			name = Pods;
			sourceTree = "<group>";
		};
/* End PBXGroup section */

/* Begin PBXNativeTarget section */
		75BFABB31D181A6B0001CD57 /* CodeSprint */ = {
			isa = PBXNativeTarget;
			buildConfigurationList = 75BFABCE1D181A6B0001CD57 /* Build configuration list for PBXNativeTarget "CodeSprint" */;
			buildPhases = (
				A8CB791E40DC6FEE72D2C60F /* Check Pods Manifest.lock */,
				75BFABB01D181A6B0001CD57 /* Sources */,
				75BFABB11D181A6B0001CD57 /* Frameworks */,
				75BFABB21D181A6B0001CD57 /* Resources */,
				DB8673E7251BCB6D1380A656 /* Embed Pods Frameworks */,
				1335E1397F3B82D46D8D86E1 /* Copy Pods Resources */,
			);
			buildRules = (
			);
			dependencies = (
			);
			name = CodeSprint;
			productName = CodeSprint;
			productReference = 75BFABB41D181A6B0001CD57 /* CodeSprint.app */;
			productType = "com.apple.product-type.application";
		};
/* End PBXNativeTarget section */

/* Begin PBXProject section */
		75BFABAC1D181A6B0001CD57 /* Project object */ = {
			isa = PBXProject;
			attributes = {
				LastUpgradeCheck = 0730;
				ORGANIZATIONNAME = "Vincent Chau";
				TargetAttributes = {
					75BFABB31D181A6B0001CD57 = {
						CreatedOnToolsVersion = 7.3.1;
					};
				};
			};
			buildConfigurationList = 75BFABAF1D181A6B0001CD57 /* Build configuration list for PBXProject "CodeSprint" */;
			compatibilityVersion = "Xcode 3.2";
			developmentRegion = English;
			hasScannedForEncodings = 0;
			knownRegions = (
				en,
				Base,
			);
			mainGroup = 75BFABAB1D181A6B0001CD57;
			productRefGroup = 75BFABB51D181A6B0001CD57 /* Products */;
			projectDirPath = "";
			projectRoot = "";
			targets = (
				75BFABB31D181A6B0001CD57 /* CodeSprint */,
			);
		};
/* End PBXProject section */

/* Begin PBXResourcesBuildPhase section */
		75BFABB21D181A6B0001CD57 /* Resources */ = {
			isa = PBXResourcesBuildPhase;
			buildActionMask = 2147483647;
			files = (
				75BFABCA1D181A6B0001CD57 /* LaunchScreen.storyboard in Resources */,
				75BFABD31D181C500001CD57 /* GoogleService-Info.plist in Resources */,
				75BFABC71D181A6B0001CD57 /* Assets.xcassets in Resources */,
				75BFABC21D181A6B0001CD57 /* Main.storyboard in Resources */,
			);
			runOnlyForDeploymentPostprocessing = 0;
		};
/* End PBXResourcesBuildPhase section */

/* Begin PBXShellScriptBuildPhase section */
		1335E1397F3B82D46D8D86E1 /* Copy Pods Resources */ = {
			isa = PBXShellScriptBuildPhase;
			buildActionMask = 2147483647;
			files = (
			);
			inputPaths = (
			);
			name = "Copy Pods Resources";
			outputPaths = (
			);
			runOnlyForDeploymentPostprocessing = 0;
			shellPath = /bin/sh;
			shellScript = "\"${SRCROOT}/Pods/Target Support Files/Pods-CodeSprint/Pods-CodeSprint-resources.sh\"\n";
			showEnvVarsInLog = 0;
		};
		A8CB791E40DC6FEE72D2C60F /* Check Pods Manifest.lock */ = {
			isa = PBXShellScriptBuildPhase;
			buildActionMask = 2147483647;
			files = (
			);
			inputPaths = (
			);
			name = "Check Pods Manifest.lock";
			outputPaths = (
			);
			runOnlyForDeploymentPostprocessing = 0;
			shellPath = /bin/sh;
			shellScript = "diff \"${PODS_ROOT}/../Podfile.lock\" \"${PODS_ROOT}/Manifest.lock\" > /dev/null\nif [[ $? != 0 ]] ; then\n    cat << EOM\nerror: The sandbox is not in sync with the Podfile.lock. Run 'pod install' or update your CocoaPods installation.\nEOM\n    exit 1\nfi\n";
			showEnvVarsInLog = 0;
		};
		DB8673E7251BCB6D1380A656 /* Embed Pods Frameworks */ = {
			isa = PBXShellScriptBuildPhase;
			buildActionMask = 2147483647;
			files = (
			);
			inputPaths = (
			);
			name = "Embed Pods Frameworks";
			outputPaths = (
			);
			runOnlyForDeploymentPostprocessing = 0;
			shellPath = /bin/sh;
			shellScript = "\"${SRCROOT}/Pods/Target Support Files/Pods-CodeSprint/Pods-CodeSprint-frameworks.sh\"\n";
			showEnvVarsInLog = 0;
		};
/* End PBXShellScriptBuildPhase section */

/* Begin PBXSourcesBuildPhase section */
		75BFABB01D181A6B0001CD57 /* Sources */ = {
			isa = PBXSourcesBuildPhase;
			buildActionMask = 2147483647;
			files = (
				754FF8971D1D2CD2004ABD43 /* Constants.m in Sources */,
				75BFABBC1D181A6B0001CD57 /* AppDelegate.m in Sources */,
				75BFABC51D181A6B0001CD57 /* CodeSprint.xcdatamodeld in Sources */,
				751A755E1D183E9300923F61 /* FirebaseManager.m in Sources */,
				752C076A1D35B60100E8712D /* CreateTeamViewController.m in Sources */,
				75BFABB91D181A6B0001CD57 /* main.m in Sources */,
				755B76251D23E0E600B211CF /* SettingsTableViewCell.m in Sources */,
				75C14F151D18213600CAE375 /* LoginViewController.m in Sources */,
				7588AF021D37063A00F6E1E9 /* CustomTextField.m in Sources */,
				754FF8881D1BA143004ABD43 /* HomeViewController.m in Sources */,
				754FF88B1D1BA183004ABD43 /* IntroductionViewController.m in Sources */,
				754FF8941D1D281A004ABD43 /* ShadowView.m in Sources */,
				755B762B1D2415CE00B211CF /* Team.m in Sources */,
				759918981D1D981F00E38268 /* ShadowImageView.m in Sources */,
				752C07671D30F52B00E8712D /* CircleBorderedButton.m in Sources */,
				75180A901D3C878B00B20A0A /* Task.m in Sources */,
				7599189C1D1E2AF600E38268 /* AnimationGenerator.m in Sources */,
				758454EF1D255506001C36EF /* PageContentViewController.m in Sources */,
				7588AF081D3845CB00F6E1E9 /* SearchTeamViewController.m in Sources */,
				752C07641D30797C00E8712D /* SprintMenuViewController.m in Sources */,
				7588AF051D37066B00F6E1E9 /* ImageStyleButton.m in Sources */,
				754FF8911D1D04F2004ABD43 /* CircleImageView.m in Sources */,
				755B76281D24158700B211CF /* Sprint.m in Sources */,
			);
			runOnlyForDeploymentPostprocessing = 0;
		};
/* End PBXSourcesBuildPhase section */

/* Begin PBXVariantGroup section */
		75BFABC01D181A6B0001CD57 /* Main.storyboard */ = {
			isa = PBXVariantGroup;
			children = (
				75BFABC11D181A6B0001CD57 /* Base */,
			);
			name = Main.storyboard;
			sourceTree = "<group>";
		};
		75BFABC81D181A6B0001CD57 /* LaunchScreen.storyboard */ = {
			isa = PBXVariantGroup;
			children = (
				75BFABC91D181A6B0001CD57 /* Base */,
			);
			name = LaunchScreen.storyboard;
			sourceTree = "<group>";
		};
/* End PBXVariantGroup section */

/* Begin XCBuildConfiguration section */
		75BFABCC1D181A6B0001CD57 /* Debug */ = {
			isa = XCBuildConfiguration;
			buildSettings = {
				ALWAYS_SEARCH_USER_PATHS = NO;
				CLANG_ANALYZER_NONNULL = YES;
				CLANG_CXX_LANGUAGE_STANDARD = "gnu++0x";
				CLANG_CXX_LIBRARY = "libc++";
				CLANG_ENABLE_MODULES = YES;
				CLANG_ENABLE_OBJC_ARC = YES;
				CLANG_WARN_BOOL_CONVERSION = YES;
				CLANG_WARN_CONSTANT_CONVERSION = YES;
				CLANG_WARN_DIRECT_OBJC_ISA_USAGE = YES_ERROR;
				CLANG_WARN_EMPTY_BODY = YES;
				CLANG_WARN_ENUM_CONVERSION = YES;
				CLANG_WARN_INT_CONVERSION = YES;
				CLANG_WARN_OBJC_ROOT_CLASS = YES_ERROR;
				CLANG_WARN_UNREACHABLE_CODE = YES;
				CLANG_WARN__DUPLICATE_METHOD_MATCH = YES;
				"CODE_SIGN_IDENTITY[sdk=iphoneos*]" = "iPhone Developer";
				COPY_PHASE_STRIP = NO;
				DEBUG_INFORMATION_FORMAT = dwarf;
				ENABLE_STRICT_OBJC_MSGSEND = YES;
				ENABLE_TESTABILITY = YES;
				GCC_C_LANGUAGE_STANDARD = gnu99;
				GCC_DYNAMIC_NO_PIC = NO;
				GCC_NO_COMMON_BLOCKS = YES;
				GCC_OPTIMIZATION_LEVEL = 0;
				GCC_PREPROCESSOR_DEFINITIONS = (
					"DEBUG=1",
					"$(inherited)",
				);
				GCC_WARN_64_TO_32_BIT_CONVERSION = YES;
				GCC_WARN_ABOUT_RETURN_TYPE = YES_ERROR;
				GCC_WARN_UNDECLARED_SELECTOR = YES;
				GCC_WARN_UNINITIALIZED_AUTOS = YES_AGGRESSIVE;
				GCC_WARN_UNUSED_FUNCTION = YES;
				GCC_WARN_UNUSED_VARIABLE = YES;
				IPHONEOS_DEPLOYMENT_TARGET = 9.3;
				MTL_ENABLE_DEBUG_INFO = YES;
				ONLY_ACTIVE_ARCH = YES;
				SDKROOT = iphoneos;
				TARGETED_DEVICE_FAMILY = "1,2";
			};
			name = Debug;
		};
		75BFABCD1D181A6B0001CD57 /* Release */ = {
			isa = XCBuildConfiguration;
			buildSettings = {
				ALWAYS_SEARCH_USER_PATHS = NO;
				CLANG_ANALYZER_NONNULL = YES;
				CLANG_CXX_LANGUAGE_STANDARD = "gnu++0x";
				CLANG_CXX_LIBRARY = "libc++";
				CLANG_ENABLE_MODULES = YES;
				CLANG_ENABLE_OBJC_ARC = YES;
				CLANG_WARN_BOOL_CONVERSION = YES;
				CLANG_WARN_CONSTANT_CONVERSION = YES;
				CLANG_WARN_DIRECT_OBJC_ISA_USAGE = YES_ERROR;
				CLANG_WARN_EMPTY_BODY = YES;
				CLANG_WARN_ENUM_CONVERSION = YES;
				CLANG_WARN_INT_CONVERSION = YES;
				CLANG_WARN_OBJC_ROOT_CLASS = YES_ERROR;
				CLANG_WARN_UNREACHABLE_CODE = YES;
				CLANG_WARN__DUPLICATE_METHOD_MATCH = YES;
				"CODE_SIGN_IDENTITY[sdk=iphoneos*]" = "iPhone Developer";
				COPY_PHASE_STRIP = NO;
				DEBUG_INFORMATION_FORMAT = "dwarf-with-dsym";
				ENABLE_NS_ASSERTIONS = NO;
				ENABLE_STRICT_OBJC_MSGSEND = YES;
				GCC_C_LANGUAGE_STANDARD = gnu99;
				GCC_NO_COMMON_BLOCKS = YES;
				GCC_WARN_64_TO_32_BIT_CONVERSION = YES;
				GCC_WARN_ABOUT_RETURN_TYPE = YES_ERROR;
				GCC_WARN_UNDECLARED_SELECTOR = YES;
				GCC_WARN_UNINITIALIZED_AUTOS = YES_AGGRESSIVE;
				GCC_WARN_UNUSED_FUNCTION = YES;
				GCC_WARN_UNUSED_VARIABLE = YES;
				IPHONEOS_DEPLOYMENT_TARGET = 9.3;
				MTL_ENABLE_DEBUG_INFO = NO;
				SDKROOT = iphoneos;
				TARGETED_DEVICE_FAMILY = "1,2";
				VALIDATE_PRODUCT = YES;
			};
			name = Release;
		};
		75BFABCF1D181A6B0001CD57 /* Debug */ = {
			isa = XCBuildConfiguration;
			baseConfigurationReference = 3211F551BD5D394DF9192056 /* Pods-CodeSprint.debug.xcconfig */;
			buildSettings = {
				ASSETCATALOG_COMPILER_APPICON_NAME = AppIcon;
				CLANG_ENABLE_MODULES = YES;
				FRAMEWORK_SEARCH_PATHS = (
					"$(inherited)",
					"$(PROJECT_DIR)",
				);
				INFOPLIST_FILE = CodeSprint/Info.plist;
				LD_RUNPATH_SEARCH_PATHS = "$(inherited) @executable_path/Frameworks";
				PRODUCT_BUNDLE_IDENTIFIER = "Vincent-Chau.CodeSprint";
				PRODUCT_NAME = "$(TARGET_NAME)";
				SWIFT_OBJC_BRIDGING_HEADER = "CodeSprint/CodeSprint-Bridging-Header.h";
				SWIFT_OPTIMIZATION_LEVEL = "-Onone";
				TARGETED_DEVICE_FAMILY = 1;
			};
			name = Debug;
		};
		75BFABD01D181A6B0001CD57 /* Release */ = {
			isa = XCBuildConfiguration;
			baseConfigurationReference = A24BF0BC3A0D7F39014C4C32 /* Pods-CodeSprint.release.xcconfig */;
			buildSettings = {
				ASSETCATALOG_COMPILER_APPICON_NAME = AppIcon;
				CLANG_ENABLE_MODULES = YES;
				FRAMEWORK_SEARCH_PATHS = (
					"$(inherited)",
					"$(PROJECT_DIR)",
				);
				INFOPLIST_FILE = CodeSprint/Info.plist;
				LD_RUNPATH_SEARCH_PATHS = "$(inherited) @executable_path/Frameworks";
				PRODUCT_BUNDLE_IDENTIFIER = "Vincent-Chau.CodeSprint";
				PRODUCT_NAME = "$(TARGET_NAME)";
				SWIFT_OBJC_BRIDGING_HEADER = "CodeSprint/CodeSprint-Bridging-Header.h";
				TARGETED_DEVICE_FAMILY = 1;
			};
			name = Release;
		};
/* End XCBuildConfiguration section */

/* Begin XCConfigurationList section */
		75BFABAF1D181A6B0001CD57 /* Build configuration list for PBXProject "CodeSprint" */ = {
			isa = XCConfigurationList;
			buildConfigurations = (
				75BFABCC1D181A6B0001CD57 /* Debug */,
				75BFABCD1D181A6B0001CD57 /* Release */,
			);
			defaultConfigurationIsVisible = 0;
			defaultConfigurationName = Release;
		};
		75BFABCE1D181A6B0001CD57 /* Build configuration list for PBXNativeTarget "CodeSprint" */ = {
			isa = XCConfigurationList;
			buildConfigurations = (
				75BFABCF1D181A6B0001CD57 /* Debug */,
				75BFABD01D181A6B0001CD57 /* Release */,
			);
			defaultConfigurationIsVisible = 0;
			defaultConfigurationName = Release;
		};
/* End XCConfigurationList section */

/* Begin XCVersionGroup section */
		75BFABC31D181A6B0001CD57 /* CodeSprint.xcdatamodeld */ = {
			isa = XCVersionGroup;
			children = (
				75BFABC41D181A6B0001CD57 /* CodeSprint.xcdatamodel */,
			);
			currentVersion = 75BFABC41D181A6B0001CD57 /* CodeSprint.xcdatamodel */;
			path = CodeSprint.xcdatamodeld;
			sourceTree = "<group>";
			versionGroupType = wrapper.xcdatamodel;
		};
/* End XCVersionGroup section */
	};
	rootObject = 75BFABAC1D181A6B0001CD57 /* Project object */;
}
